// !$*UTF8*$!
{
	archiveVersion = 1;
	classes = {
	};
	objectVersion = 46;
	objects = {

/* Begin PBXBuildFile section */
		070846A619544CDD00B5AE3A /* updater_osx.m in Sources */ = {isa = PBXBuildFile; fileRef = 070846A519544CDD00B5AE3A /* updater_osx.m */; };
/* End PBXBuildFile section */

/* Begin PBXCopyFilesBuildPhase section */
		07084676195445A600B5AE3A /* CopyFiles */ = {
			isa = PBXCopyFilesBuildPhase;
			buildActionMask = 2147483647;
			dstPath = /usr/share/man/man1/;
			dstSubfolderSpec = 0;
			files = (
			);
			runOnlyForDeploymentPostprocessing = 1;
		};
/* End PBXCopyFilesBuildPhase section */

/* Begin PBXFileReference section */
		07084678195445A600B5AE3A /* Updater */ = {isa = PBXFileReference; explicitFileType = "compiled.mach-o.executable"; includeInIndex = 0; path = Updater; sourceTree = BUILT_PRODUCTS_DIR; };
		070846A519544CDD00B5AE3A /* updater_osx.m */ = {isa = PBXFileReference; fileEncoding = 4; lastKnownFileType = sourcecode.c.objc; name = updater_osx.m; path = SourceFiles/_other/updater_osx.m; sourceTree = SOURCE_ROOT; };
/* End PBXFileReference section */

/* Begin PBXFrameworksBuildPhase section */
		07084675195445A600B5AE3A /* Frameworks */ = {
			isa = PBXFrameworksBuildPhase;
			buildActionMask = 2147483647;
			files = (
			);
			runOnlyForDeploymentPostprocessing = 0;
		};
/* End PBXFrameworksBuildPhase section */

/* Begin PBXGroup section */
		0708466F195445A600B5AE3A = {
			isa = PBXGroup;
			children = (
				0708467A195445A600B5AE3A /* Updater */,
				07084679195445A600B5AE3A /* Products */,
			);
			sourceTree = "<group>";
		};
		07084679195445A600B5AE3A /* Products */ = {
			isa = PBXGroup;
			children = (
				07084678195445A600B5AE3A /* Updater */,
			);
			name = Products;
			sourceTree = "<group>";
		};
		0708467A195445A600B5AE3A /* Updater */ = {
			isa = PBXGroup;
			children = (
				070846A519544CDD00B5AE3A /* updater_osx.m */,
			);
			path = Updater;
			sourceTree = "<group>";
		};
/* End PBXGroup section */

/* Begin PBXNativeTarget section */
		07084677195445A600B5AE3A /* Updater */ = {
			isa = PBXNativeTarget;
			buildConfigurationList = 07084681195445A600B5AE3A /* Build configuration list for PBXNativeTarget "Updater" */;
			buildPhases = (
				07084674195445A600B5AE3A /* Sources */,
				07084675195445A600B5AE3A /* Frameworks */,
				07084676195445A600B5AE3A /* CopyFiles */,
			);
			buildRules = (
			);
			dependencies = (
			);
			name = Updater;
			productName = Updater;
			productReference = 07084678195445A600B5AE3A /* Updater */;
			productType = "com.apple.product-type.tool";
		};
/* End PBXNativeTarget section */

/* Begin PBXProject section */
		07084670195445A600B5AE3A /* Project object */ = {
			isa = PBXProject;
			attributes = {
				LastUpgradeCheck = 0510;
			};
			buildConfigurationList = 07084673195445A600B5AE3A /* Build configuration list for PBXProject "Updater" */;
			compatibilityVersion = "Xcode 3.2";
			developmentRegion = English;
			hasScannedForEncodings = 0;
			knownRegions = (
				en,
			);
			mainGroup = 0708466F195445A600B5AE3A;
			productRefGroup = 07084679195445A600B5AE3A /* Products */;
			projectDirPath = "";
			projectRoot = "";
			targets = (
				07084677195445A600B5AE3A /* Updater */,
			);
		};
/* End PBXProject section */

/* Begin PBXSourcesBuildPhase section */
		07084674195445A600B5AE3A /* Sources */ = {
			isa = PBXSourcesBuildPhase;
			buildActionMask = 2147483647;
			files = (
				070846A619544CDD00B5AE3A /* updater_osx.m in Sources */,
			);
			runOnlyForDeploymentPostprocessing = 0;
		};
/* End PBXSourcesBuildPhase section */

/* Begin XCBuildConfiguration section */
		0708467F195445A600B5AE3A /* Debug */ = {
			isa = XCBuildConfiguration;
			buildSettings = {
				ALWAYS_SEARCH_USER_PATHS = NO;
				CLANG_CXX_LANGUAGE_STANDARD = "gnu++0x";
				CLANG_CXX_LIBRARY = "libc++";
				CLANG_ENABLE_MODULES = YES;
				CLANG_ENABLE_OBJC_ARC = YES;
				CLANG_WARN_BOOL_CONVERSION = YES;
				CLANG_WARN_CONSTANT_CONVERSION = YES;
				CLANG_WARN_DIRECT_OBJC_ISA_USAGE = YES_ERROR;
				CLANG_WARN_EMPTY_BODY = YES;
				CLANG_WARN_ENUM_CONVERSION = YES;
				CLANG_WARN_INT_CONVERSION = YES;
				CLANG_WARN_OBJC_ROOT_CLASS = YES_ERROR;
				CLANG_WARN__DUPLICATE_METHOD_MATCH = YES;
				CONFIGURATION_BUILD_DIR = "$(BUILD_DIR)/$(CONFIGURATION)$(EFFECTIVE_PLATFORM_NAME)/Telegram.app/Contents/Frameworks";
				COPY_PHASE_STRIP = NO;
				GCC_C_LANGUAGE_STANDARD = gnu99;
				GCC_DYNAMIC_NO_PIC = NO;
				GCC_ENABLE_OBJC_EXCEPTIONS = YES;
				GCC_OPTIMIZATION_LEVEL = 0;
				GCC_PREPROCESSOR_DEFINITIONS = (
					"DEBUG=1",
					"$(inherited)",
				);
				GCC_SYMBOLS_PRIVATE_EXTERN = NO;
				GCC_WARN_64_TO_32_BIT_CONVERSION = YES;
				GCC_WARN_ABOUT_RETURN_TYPE = YES_ERROR;
				GCC_WARN_UNDECLARED_SELECTOR = YES;
				GCC_WARN_UNINITIALIZED_AUTOS = YES_AGGRESSIVE;
				GCC_WARN_UNUSED_FUNCTION = YES;
				GCC_WARN_UNUSED_VARIABLE = YES;
				MACOSX_DEPLOYMENT_TARGET = 10.9;
				OBJROOT = "$(BUILD_DIR)/$(CONFIGURATION)$(EFFECTIVE_PLATFORM_NAME)IntermediateUpdater";
				ONLY_ACTIVE_ARCH = YES;
				OTHER_CFLAGS = "-D_DEBUG";
				SDKROOT = macosx;
				SYMROOT = ../Mac;
			};
			name = Debug;
		};
		07084680195445A600B5AE3A /* Release */ = {
			isa = XCBuildConfiguration;
			buildSettings = {
				ALWAYS_SEARCH_USER_PATHS = NO;
				CLANG_CXX_LANGUAGE_STANDARD = "gnu++0x";
				CLANG_CXX_LIBRARY = "libc++";
				CLANG_ENABLE_MODULES = YES;
				CLANG_ENABLE_OBJC_ARC = YES;
				CLANG_WARN_BOOL_CONVERSION = YES;
				CLANG_WARN_CONSTANT_CONVERSION = YES;
				CLANG_WARN_DIRECT_OBJC_ISA_USAGE = YES_ERROR;
				CLANG_WARN_EMPTY_BODY = YES;
				CLANG_WARN_ENUM_CONVERSION = YES;
				CLANG_WARN_INT_CONVERSION = YES;
				CLANG_WARN_OBJC_ROOT_CLASS = YES_ERROR;
				CLANG_WARN__DUPLICATE_METHOD_MATCH = YES;
				CONFIGURATION_BUILD_DIR = "$(BUILD_DIR)/$(CONFIGURATION)$(EFFECTIVE_PLATFORM_NAME)/Telegram.app/Contents/Frameworks";
				COPY_PHASE_STRIP = YES;
				DEBUG_INFORMATION_FORMAT = "dwarf-with-dsym";
				ENABLE_NS_ASSERTIONS = NO;
				GCC_C_LANGUAGE_STANDARD = gnu99;
				GCC_ENABLE_OBJC_EXCEPTIONS = YES;
				GCC_WARN_64_TO_32_BIT_CONVERSION = YES;
				GCC_WARN_ABOUT_RETURN_TYPE = YES_ERROR;
				GCC_WARN_UNDECLARED_SELECTOR = YES;
				GCC_WARN_UNINITIALIZED_AUTOS = YES_AGGRESSIVE;
				GCC_WARN_UNUSED_FUNCTION = YES;
				GCC_WARN_UNUSED_VARIABLE = YES;
				MACOSX_DEPLOYMENT_TARGET = 10.9;
				OBJROOT = "$(BUILD_DIR)/$(CONFIGURATION)$(EFFECTIVE_PLATFORM_NAME)IntermediateUpdater";
				SDKROOT = macosx;
				SYMROOT = ../Mac;
			};
			name = Release;
		};
		07084682195445A600B5AE3A /* Debug */ = {
			isa = XCBuildConfiguration;
			buildSettings = {
				PRODUCT_NAME = "$(TARGET_NAME)";
			};
			name = Debug;
		};
		07084683195445A600B5AE3A /* Release */ = {
			isa = XCBuildConfiguration;
			buildSettings = {
				PRODUCT_NAME = "$(TARGET_NAME)";
			};
			name = Release;
		};
/* End XCBuildConfiguration section */

/* Begin XCConfigurationList section */
		07084673195445A600B5AE3A /* Build configuration list for PBXProject "Updater" */ = {
			isa = XCConfigurationList;
			buildConfigurations = (
				0708467F195445A600B5AE3A /* Debug */,
				07084680195445A600B5AE3A /* Release */,
			);
			defaultConfigurationIsVisible = 0;
			defaultConfigurationName = Release;
		};
		07084681195445A600B5AE3A /* Build configuration list for PBXNativeTarget "Updater" */ = {
			isa = XCConfigurationList;
			buildConfigurations = (
				07084682195445A600B5AE3A /* Debug */,
				07084683195445A600B5AE3A /* Release */,
			);
			defaultConfigurationIsVisible = 0;
			defaultConfigurationName = Release;
		};
/* End XCConfigurationList section */
	};
	rootObject = 07084670195445A600B5AE3A /* Project object */;
}
