<?xml version="1.0" encoding="utf-8"?>
<Project ToolsVersion="4.0" xmlns="http://schemas.microsoft.com/developer/msbuild/2003">
  <ItemGroup>
    <Filter Include="Resources">
      <UniqueIdentifier>{df139398-6d5d-4bd5-8abe-b509b102f5d8}</UniqueIdentifier>
    </Filter>
    <Filter Include="ThirdParty">
      <UniqueIdentifier>{cda95767-f353-4a6b-a124-73632e61028a}</UniqueIdentifier>
    </Filter>
    <Filter Include="ThirdParty\minizip">
      <UniqueIdentifier>{1abe710c-3c36-484c-b2a5-881c29a051c2}</UniqueIdentifier>
    </Filter>
    <Filter Include="Resources\langs">
      <UniqueIdentifier>{67311646-a8af-4626-976d-0a5733bf90e8}</UniqueIdentifier>
    </Filter>
    <Filter Include="SourceFiles">
      <UniqueIdentifier>{4FC737F1-C7A5-4376-A066-2A32D752A2FF}</UniqueIdentifier>
      <Extensions>cpp;cxx;c;def</Extensions>
    </Filter>
    <Filter Include="SourceFiles\window">
      <UniqueIdentifier>{0192d4a5-ecf0-4076-937a-d3a08443e543}</UniqueIdentifier>
    </Filter>
    <Filter Include="SourceFiles\overview">
      <UniqueIdentifier>{ddcc5634-90e7-4815-ba86-a3db539f4774}</UniqueIdentifier>
    </Filter>
    <Filter Include="SourceFiles\mtproto">
      <UniqueIdentifier>{d01d021a-d92f-4ac3-9155-6d297fffe596}</UniqueIdentifier>
    </Filter>
    <Filter Include="SourceFiles\serialize">
      <UniqueIdentifier>{e9244e0a-a3ae-43dc-8a72-fd7d14cee20b}</UniqueIdentifier>
    </Filter>
    <Filter Include="SourceFiles\intro">
      <UniqueIdentifier>{08a48c4d-2526-4578-ad4b-db659e4eec8d}</UniqueIdentifier>
    </Filter>
    <Filter Include="SourceFiles\inline_bots">
      <UniqueIdentifier>{da3d0334-a011-41dd-a8e0-9b701afacfb3}</UniqueIdentifier>
    </Filter>
    <Filter Include="SourceFiles\history">
      <UniqueIdentifier>{39b5a449-928d-4add-9610-95c03878d52f}</UniqueIdentifier>
    </Filter>
    <Filter Include="SourceFiles\dialogs">
      <UniqueIdentifier>{405e59c2-0800-4f73-b975-1749c8c36e87}</UniqueIdentifier>
    </Filter>
    <Filter Include="SourceFiles\core">
      <UniqueIdentifier>{162feb92-08a4-4abf-9936-79c389d4fcb9}</UniqueIdentifier>
    </Filter>
    <Filter Include="SourceFiles\boxes">
      <UniqueIdentifier>{65fcb834-0002-4007-80c2-8bd6cbc63c93}</UniqueIdentifier>
    </Filter>
    <Filter Include="SourceFiles\ui">
      <UniqueIdentifier>{93203856-b459-49ec-8097-689d0feda013}</UniqueIdentifier>
    </Filter>
    <Filter Include="SourceFiles\ui\toast">
      <UniqueIdentifier>{815de139-ef13-45d6-a131-a3556eefae55}</UniqueIdentifier>
    </Filter>
    <Filter Include="SourceFiles\ui\buttons">
      <UniqueIdentifier>{24292a88-6707-4070-b2d2-8b53acd5cdd0}</UniqueIdentifier>
    </Filter>
    <Filter Include="SourceFiles\ui\text">
      <UniqueIdentifier>{850c3d13-024a-4ef3-a6b7-b546e67cca48}</UniqueIdentifier>
    </Filter>
    <Filter Include="GeneratedFiles">
      <UniqueIdentifier>{71ED8ED8-ACB9-4CE9-BBE1-E00B30144E11}</UniqueIdentifier>
      <Extensions>moc;h;cpp</Extensions>
      <SourceControlFiles>False</SourceControlFiles>
    </Filter>
    <Filter Include="GeneratedFiles\Debug">
      <UniqueIdentifier>{4e5e8958-0a60-4117-8701-cbd387932d83}</UniqueIdentifier>
      <Extensions>cpp;moc</Extensions>
      <SourceControlFiles>False</SourceControlFiles>
    </Filter>
    <Filter Include="GeneratedFiles\Release">
      <UniqueIdentifier>{9c05f518-3867-45cb-b08c-19c0d32151c7}</UniqueIdentifier>
      <Extensions>cpp;moc</Extensions>
      <SourceControlFiles>False</SourceControlFiles>
    </Filter>
    <Filter Include="GeneratedFiles\Deploy">
      <UniqueIdentifier>{8a7cc1a8-8332-4937-967f-3a04725db75d}</UniqueIdentifier>
      <Extensions>cpp;moc</Extensions>
      <SourceControlFiles>False</SourceControlFiles>
    </Filter>
    <Filter Include="GeneratedFiles\styles">
      <UniqueIdentifier>{3397dfda-79f1-4a4c-940b-be26b001baf5}</UniqueIdentifier>
    </Filter>
    <Filter Include="SourceFiles\ui\style">
      <UniqueIdentifier>{58dd7db6-06a2-4076-964d-aec4e106c8c8}</UniqueIdentifier>
    </Filter>
    <Filter Include="OtherPlatforms">
      <UniqueIdentifier>{9d7bbb7d-817b-4f19-a719-74e674bdc84b}</UniqueIdentifier>
    </Filter>
    <Filter Include="Resources\winrc">
      <UniqueIdentifier>{6b33ddc0-a7e2-4961-81dc-e1b5de2e2c60}</UniqueIdentifier>
    </Filter>
    <Filter Include="SourceFiles\data">
      <UniqueIdentifier>{606a297a-0b85-4df9-a6bc-39de5beed362}</UniqueIdentifier>
    </Filter>
    <Filter Include="SourceFiles\profile">
      <UniqueIdentifier>{b761f2a4-0e8c-4e52-b179-7a3185c046c4}</UniqueIdentifier>
    </Filter>
    <Filter Include="SourceFiles\platform">
      <UniqueIdentifier>{a2724cb3-028c-43a8-ad3d-5176b63c7998}</UniqueIdentifier>
    </Filter>
    <Filter Include="SourceFiles\platform\win">
      <UniqueIdentifier>{64f57f23-7eb4-4949-8fc8-4a5db87a31c8}</UniqueIdentifier>
    </Filter>
    <Filter Include="SourceFiles\platform\mac">
      <UniqueIdentifier>{c3de8600-519e-489c-8b25-14137dda87c6}</UniqueIdentifier>
    </Filter>
    <Filter Include="SourceFiles\platform\linux">
      <UniqueIdentifier>{920a21f5-22df-47da-bffd-de23e6b4ede1}</UniqueIdentifier>
    </Filter>
    <Filter Include="SourceFiles\platform\winrt">
      <UniqueIdentifier>{385d4cd5-f702-41b7-9e39-707d16b118d5}</UniqueIdentifier>
    </Filter>
  </ItemGroup>
  <ItemGroup>
    <ClCompile Include="SourceFiles\main.cpp">
      <Filter>SourceFiles</Filter>
    </ClCompile>
    <ClCompile Include="SourceFiles\stdafx.cpp">
      <Filter>SourceFiles</Filter>
    </ClCompile>
    <ClCompile Include="SourceFiles\logs.cpp">
      <Filter>SourceFiles</Filter>
    </ClCompile>
    <ClCompile Include="SourceFiles\application.cpp">
      <Filter>SourceFiles</Filter>
    </ClCompile>
    <ClCompile Include="GeneratedFiles\qrc_telegram.cpp">
      <Filter>GeneratedFiles</Filter>
    </ClCompile>
    <ClCompile Include="GeneratedFiles\qrc_telegram_emojis.cpp">
      <Filter>GeneratedFiles</Filter>
    </ClCompile>
    <ClCompile Include="GeneratedFiles\qrc_telegram_wnd.cpp">
      <Filter>GeneratedFiles</Filter>
    </ClCompile>
    <ClCompile Include="SourceFiles\mainwidget.cpp">
      <Filter>SourceFiles</Filter>
    </ClCompile>
    <ClCompile Include="SourceFiles\app.cpp">
      <Filter>SourceFiles</Filter>
    </ClCompile>
    <ClCompile Include="SourceFiles\dialogswidget.cpp">
      <Filter>SourceFiles</Filter>
    </ClCompile>
    <ClCompile Include="SourceFiles\history.cpp">
      <Filter>SourceFiles</Filter>
    </ClCompile>
    <ClCompile Include="SourceFiles\historywidget.cpp">
      <Filter>SourceFiles</Filter>
    </ClCompile>
    <ClCompile Include="SourceFiles\layerwidget.cpp">
      <Filter>SourceFiles</Filter>
    </ClCompile>
    <ClCompile Include="SourceFiles\localimageloader.cpp">
      <Filter>SourceFiles</Filter>
    </ClCompile>
    <ClCompile Include="SourceFiles\fileuploader.cpp">
      <Filter>SourceFiles</Filter>
    </ClCompile>
    <ClCompile Include="SourceFiles\sysbuttons.cpp">
      <Filter>SourceFiles</Filter>
    </ClCompile>
    <ClCompile Include="SourceFiles\title.cpp">
      <Filter>SourceFiles</Filter>
    </ClCompile>
    <ClCompile Include="SourceFiles\boxes\aboutbox.cpp">
      <Filter>SourceFiles\boxes</Filter>
    </ClCompile>
    <ClCompile Include="SourceFiles\boxes\addcontactbox.cpp">
      <Filter>SourceFiles\boxes</Filter>
    </ClCompile>
    <ClCompile Include="SourceFiles\boxes\confirmbox.cpp">
      <Filter>SourceFiles\boxes</Filter>
    </ClCompile>
    <ClCompile Include="SourceFiles\boxes\connectionbox.cpp">
      <Filter>SourceFiles\boxes</Filter>
    </ClCompile>
    <ClCompile Include="SourceFiles\boxes\contactsbox.cpp">
      <Filter>SourceFiles\boxes</Filter>
    </ClCompile>
    <ClCompile Include="SourceFiles\boxes\photocropbox.cpp">
      <Filter>SourceFiles\boxes</Filter>
    </ClCompile>
    <ClCompile Include="SourceFiles\boxes\photosendbox.cpp">
      <Filter>SourceFiles\boxes</Filter>
    </ClCompile>
    <ClCompile Include="SourceFiles\boxes\emojibox.cpp">
      <Filter>SourceFiles\boxes</Filter>
    </ClCompile>
    <ClCompile Include="SourceFiles\intro\introcode.cpp">
      <Filter>SourceFiles\intro</Filter>
    </ClCompile>
    <ClCompile Include="SourceFiles\intro\introphone.cpp">
      <Filter>SourceFiles\intro</Filter>
    </ClCompile>
    <ClCompile Include="SourceFiles\intro\introsignup.cpp">
      <Filter>SourceFiles\intro</Filter>
    </ClCompile>
    <ClCompile Include="SourceFiles\dropdown.cpp">
      <Filter>SourceFiles</Filter>
    </ClCompile>
    <ClCompile Include="SourceFiles\settingswidget.cpp">
      <Filter>SourceFiles</Filter>
    </ClCompile>
    <ClCompile Include="SourceFiles\settings.cpp">
      <Filter>SourceFiles</Filter>
    </ClCompile>
    <ClCompile Include="SourceFiles\boxes\downloadpathbox.cpp">
      <Filter>SourceFiles\boxes</Filter>
    </ClCompile>
    <ClCompile Include="SourceFiles\langloaderplain.cpp">
      <Filter>SourceFiles</Filter>
    </ClCompile>
    <ClCompile Include="GeneratedFiles\Deploy\moc_title.cpp">
      <Filter>GeneratedFiles\Deploy</Filter>
    </ClCompile>
    <ClCompile Include="GeneratedFiles\Debug\moc_title.cpp">
      <Filter>GeneratedFiles\Debug</Filter>
    </ClCompile>
    <ClCompile Include="GeneratedFiles\Release\moc_title.cpp">
      <Filter>GeneratedFiles\Release</Filter>
    </ClCompile>
    <ClCompile Include="GeneratedFiles\Deploy\moc_sysbuttons.cpp">
      <Filter>GeneratedFiles\Deploy</Filter>
    </ClCompile>
    <ClCompile Include="GeneratedFiles\Debug\moc_sysbuttons.cpp">
      <Filter>GeneratedFiles\Debug</Filter>
    </ClCompile>
    <ClCompile Include="GeneratedFiles\Release\moc_sysbuttons.cpp">
      <Filter>GeneratedFiles\Release</Filter>
    </ClCompile>
    <ClCompile Include="GeneratedFiles\Deploy\moc_settingswidget.cpp">
      <Filter>GeneratedFiles\Deploy</Filter>
    </ClCompile>
    <ClCompile Include="GeneratedFiles\Debug\moc_settingswidget.cpp">
      <Filter>GeneratedFiles\Debug</Filter>
    </ClCompile>
    <ClCompile Include="GeneratedFiles\Release\moc_settingswidget.cpp">
      <Filter>GeneratedFiles\Release</Filter>
    </ClCompile>
    <ClCompile Include="GeneratedFiles\Deploy\moc_photosendbox.cpp">
      <Filter>GeneratedFiles\Deploy</Filter>
    </ClCompile>
    <ClCompile Include="GeneratedFiles\Debug\moc_photosendbox.cpp">
      <Filter>GeneratedFiles\Debug</Filter>
    </ClCompile>
    <ClCompile Include="GeneratedFiles\Release\moc_photosendbox.cpp">
      <Filter>GeneratedFiles\Release</Filter>
    </ClCompile>
    <ClCompile Include="GeneratedFiles\Deploy\moc_photocropbox.cpp">
      <Filter>GeneratedFiles\Deploy</Filter>
    </ClCompile>
    <ClCompile Include="GeneratedFiles\Debug\moc_photocropbox.cpp">
      <Filter>GeneratedFiles\Debug</Filter>
    </ClCompile>
    <ClCompile Include="GeneratedFiles\Release\moc_photocropbox.cpp">
      <Filter>GeneratedFiles\Release</Filter>
    </ClCompile>
    <ClCompile Include="GeneratedFiles\Deploy\moc_mainwidget.cpp">
      <Filter>GeneratedFiles\Deploy</Filter>
    </ClCompile>
    <ClCompile Include="GeneratedFiles\Debug\moc_mainwidget.cpp">
      <Filter>GeneratedFiles\Debug</Filter>
    </ClCompile>
    <ClCompile Include="GeneratedFiles\Release\moc_mainwidget.cpp">
      <Filter>GeneratedFiles\Release</Filter>
    </ClCompile>
    <ClCompile Include="GeneratedFiles\Deploy\moc_localimageloader.cpp">
      <Filter>GeneratedFiles\Deploy</Filter>
    </ClCompile>
    <ClCompile Include="GeneratedFiles\Debug\moc_localimageloader.cpp">
      <Filter>GeneratedFiles\Debug</Filter>
    </ClCompile>
    <ClCompile Include="GeneratedFiles\Release\moc_localimageloader.cpp">
      <Filter>GeneratedFiles\Release</Filter>
    </ClCompile>
    <ClCompile Include="GeneratedFiles\Deploy\moc_layerwidget.cpp">
      <Filter>GeneratedFiles\Deploy</Filter>
    </ClCompile>
    <ClCompile Include="GeneratedFiles\Debug\moc_layerwidget.cpp">
      <Filter>GeneratedFiles\Debug</Filter>
    </ClCompile>
    <ClCompile Include="GeneratedFiles\Release\moc_layerwidget.cpp">
      <Filter>GeneratedFiles\Release</Filter>
    </ClCompile>
    <ClCompile Include="GeneratedFiles\Deploy\moc_introsignup.cpp">
      <Filter>GeneratedFiles\Deploy</Filter>
    </ClCompile>
    <ClCompile Include="GeneratedFiles\Debug\moc_introsignup.cpp">
      <Filter>GeneratedFiles\Debug</Filter>
    </ClCompile>
    <ClCompile Include="GeneratedFiles\Release\moc_introsignup.cpp">
      <Filter>GeneratedFiles\Release</Filter>
    </ClCompile>
    <ClCompile Include="GeneratedFiles\Deploy\moc_introphone.cpp">
      <Filter>GeneratedFiles\Deploy</Filter>
    </ClCompile>
    <ClCompile Include="GeneratedFiles\Debug\moc_introphone.cpp">
      <Filter>GeneratedFiles\Debug</Filter>
    </ClCompile>
    <ClCompile Include="GeneratedFiles\Release\moc_introphone.cpp">
      <Filter>GeneratedFiles\Release</Filter>
    </ClCompile>
    <ClCompile Include="GeneratedFiles\Deploy\moc_introcode.cpp">
      <Filter>GeneratedFiles\Deploy</Filter>
    </ClCompile>
    <ClCompile Include="GeneratedFiles\Debug\moc_introcode.cpp">
      <Filter>GeneratedFiles\Debug</Filter>
    </ClCompile>
    <ClCompile Include="GeneratedFiles\Release\moc_introcode.cpp">
      <Filter>GeneratedFiles\Release</Filter>
    </ClCompile>
    <ClCompile Include="GeneratedFiles\Deploy\moc_historywidget.cpp">
      <Filter>GeneratedFiles\Deploy</Filter>
    </ClCompile>
    <ClCompile Include="GeneratedFiles\Debug\moc_historywidget.cpp">
      <Filter>GeneratedFiles\Debug</Filter>
    </ClCompile>
    <ClCompile Include="GeneratedFiles\Release\moc_historywidget.cpp">
      <Filter>GeneratedFiles\Release</Filter>
    </ClCompile>
    <ClCompile Include="GeneratedFiles\Deploy\moc_fileuploader.cpp">
      <Filter>GeneratedFiles\Deploy</Filter>
    </ClCompile>
    <ClCompile Include="GeneratedFiles\Debug\moc_fileuploader.cpp">
      <Filter>GeneratedFiles\Debug</Filter>
    </ClCompile>
    <ClCompile Include="GeneratedFiles\Release\moc_fileuploader.cpp">
      <Filter>GeneratedFiles\Release</Filter>
    </ClCompile>
    <ClCompile Include="GeneratedFiles\Deploy\moc_emojibox.cpp">
      <Filter>GeneratedFiles\Deploy</Filter>
    </ClCompile>
    <ClCompile Include="GeneratedFiles\Debug\moc_emojibox.cpp">
      <Filter>GeneratedFiles\Debug</Filter>
    </ClCompile>
    <ClCompile Include="GeneratedFiles\Release\moc_emojibox.cpp">
      <Filter>GeneratedFiles\Release</Filter>
    </ClCompile>
    <ClCompile Include="GeneratedFiles\Deploy\moc_dropdown.cpp">
      <Filter>GeneratedFiles\Deploy</Filter>
    </ClCompile>
    <ClCompile Include="GeneratedFiles\Debug\moc_dropdown.cpp">
      <Filter>GeneratedFiles\Debug</Filter>
    </ClCompile>
    <ClCompile Include="GeneratedFiles\Release\moc_dropdown.cpp">
      <Filter>GeneratedFiles\Release</Filter>
    </ClCompile>
    <ClCompile Include="GeneratedFiles\Deploy\moc_downloadpathbox.cpp">
      <Filter>GeneratedFiles\Deploy</Filter>
    </ClCompile>
    <ClCompile Include="GeneratedFiles\Debug\moc_downloadpathbox.cpp">
      <Filter>GeneratedFiles\Debug</Filter>
    </ClCompile>
    <ClCompile Include="GeneratedFiles\Release\moc_downloadpathbox.cpp">
      <Filter>GeneratedFiles\Release</Filter>
    </ClCompile>
    <ClCompile Include="GeneratedFiles\Deploy\moc_dialogswidget.cpp">
      <Filter>GeneratedFiles\Deploy</Filter>
    </ClCompile>
    <ClCompile Include="GeneratedFiles\Debug\moc_dialogswidget.cpp">
      <Filter>GeneratedFiles\Debug</Filter>
    </ClCompile>
    <ClCompile Include="GeneratedFiles\Release\moc_dialogswidget.cpp">
      <Filter>GeneratedFiles\Release</Filter>
    </ClCompile>
    <ClCompile Include="GeneratedFiles\Deploy\moc_contactsbox.cpp">
      <Filter>GeneratedFiles\Deploy</Filter>
    </ClCompile>
    <ClCompile Include="GeneratedFiles\Debug\moc_contactsbox.cpp">
      <Filter>GeneratedFiles\Debug</Filter>
    </ClCompile>
    <ClCompile Include="GeneratedFiles\Release\moc_contactsbox.cpp">
      <Filter>GeneratedFiles\Release</Filter>
    </ClCompile>
    <ClCompile Include="GeneratedFiles\Deploy\moc_connectionbox.cpp">
      <Filter>GeneratedFiles\Deploy</Filter>
    </ClCompile>
    <ClCompile Include="GeneratedFiles\Debug\moc_connectionbox.cpp">
      <Filter>GeneratedFiles\Debug</Filter>
    </ClCompile>
    <ClCompile Include="GeneratedFiles\Release\moc_connectionbox.cpp">
      <Filter>GeneratedFiles\Release</Filter>
    </ClCompile>
    <ClCompile Include="GeneratedFiles\Deploy\moc_confirmbox.cpp">
      <Filter>GeneratedFiles\Deploy</Filter>
    </ClCompile>
    <ClCompile Include="GeneratedFiles\Debug\moc_confirmbox.cpp">
      <Filter>GeneratedFiles\Debug</Filter>
    </ClCompile>
    <ClCompile Include="GeneratedFiles\Release\moc_confirmbox.cpp">
      <Filter>GeneratedFiles\Release</Filter>
    </ClCompile>
    <ClCompile Include="GeneratedFiles\Deploy\moc_application.cpp">
      <Filter>GeneratedFiles\Deploy</Filter>
    </ClCompile>
    <ClCompile Include="GeneratedFiles\Debug\moc_application.cpp">
      <Filter>GeneratedFiles\Debug</Filter>
    </ClCompile>
    <ClCompile Include="GeneratedFiles\Release\moc_application.cpp">
      <Filter>GeneratedFiles\Release</Filter>
    </ClCompile>
    <ClCompile Include="GeneratedFiles\Deploy\moc_addcontactbox.cpp">
      <Filter>GeneratedFiles\Deploy</Filter>
    </ClCompile>
    <ClCompile Include="GeneratedFiles\Debug\moc_addcontactbox.cpp">
      <Filter>GeneratedFiles\Debug</Filter>
    </ClCompile>
    <ClCompile Include="GeneratedFiles\Release\moc_addcontactbox.cpp">
      <Filter>GeneratedFiles\Release</Filter>
    </ClCompile>
    <ClCompile Include="GeneratedFiles\Deploy\moc_aboutbox.cpp">
      <Filter>GeneratedFiles\Deploy</Filter>
    </ClCompile>
    <ClCompile Include="GeneratedFiles\Debug\moc_aboutbox.cpp">
      <Filter>GeneratedFiles\Debug</Filter>
    </ClCompile>
    <ClCompile Include="GeneratedFiles\Release\moc_aboutbox.cpp">
      <Filter>GeneratedFiles\Release</Filter>
    </ClCompile>
    <ClCompile Include="SourceFiles\mediaview.cpp">
      <Filter>SourceFiles</Filter>
    </ClCompile>
    <ClCompile Include="GeneratedFiles\Deploy\moc_mediaview.cpp">
      <Filter>GeneratedFiles\Deploy</Filter>
    </ClCompile>
    <ClCompile Include="GeneratedFiles\Debug\moc_mediaview.cpp">
      <Filter>GeneratedFiles\Debug</Filter>
    </ClCompile>
    <ClCompile Include="GeneratedFiles\Release\moc_mediaview.cpp">
      <Filter>GeneratedFiles\Release</Filter>
    </ClCompile>
    <ClCompile Include="GeneratedFiles\Deploy\moc_overviewwidget.cpp">
      <Filter>GeneratedFiles\Deploy</Filter>
    </ClCompile>
    <ClCompile Include="SourceFiles\overviewwidget.cpp">
      <Filter>SourceFiles</Filter>
    </ClCompile>
    <ClCompile Include="GeneratedFiles\Debug\moc_overviewwidget.cpp">
      <Filter>GeneratedFiles\Debug</Filter>
    </ClCompile>
    <ClCompile Include="GeneratedFiles\Release\moc_overviewwidget.cpp">
      <Filter>GeneratedFiles\Release</Filter>
    </ClCompile>
    <ClCompile Include="SourceFiles\audio.cpp">
      <Filter>SourceFiles</Filter>
    </ClCompile>
    <ClCompile Include="GeneratedFiles\Deploy\moc_audio.cpp">
      <Filter>GeneratedFiles\Deploy</Filter>
    </ClCompile>
    <ClCompile Include="GeneratedFiles\Debug\moc_audio.cpp">
      <Filter>GeneratedFiles\Debug</Filter>
    </ClCompile>
    <ClCompile Include="GeneratedFiles\Release\moc_audio.cpp">
      <Filter>GeneratedFiles\Release</Filter>
    </ClCompile>
    <ClCompile Include="SourceFiles\boxes\usernamebox.cpp">
      <Filter>SourceFiles\boxes</Filter>
    </ClCompile>
    <ClCompile Include="GeneratedFiles\Deploy\moc_usernamebox.cpp">
      <Filter>GeneratedFiles\Deploy</Filter>
    </ClCompile>
    <ClCompile Include="GeneratedFiles\Debug\moc_usernamebox.cpp">
      <Filter>GeneratedFiles\Debug</Filter>
    </ClCompile>
    <ClCompile Include="GeneratedFiles\Release\moc_usernamebox.cpp">
      <Filter>GeneratedFiles\Release</Filter>
    </ClCompile>
    <ClCompile Include="SourceFiles\localstorage.cpp">
      <Filter>SourceFiles</Filter>
    </ClCompile>
    <ClCompile Include="GeneratedFiles\Deploy\moc_localstorage.cpp">
      <Filter>GeneratedFiles\Deploy</Filter>
    </ClCompile>
    <ClCompile Include="GeneratedFiles\Debug\moc_localstorage.cpp">
      <Filter>GeneratedFiles\Debug</Filter>
    </ClCompile>
    <ClCompile Include="GeneratedFiles\Release\moc_localstorage.cpp">
      <Filter>GeneratedFiles\Release</Filter>
    </ClCompile>
    <ClCompile Include="GeneratedFiles\lang_auto.cpp">
      <Filter>GeneratedFiles</Filter>
    </ClCompile>
    <ClCompile Include="SourceFiles\lang.cpp">
      <Filter>SourceFiles</Filter>
    </ClCompile>
    <ClCompile Include="SourceFiles\boxes\languagebox.cpp">
      <Filter>SourceFiles\boxes</Filter>
    </ClCompile>
    <ClCompile Include="GeneratedFiles\Deploy\moc_languagebox.cpp">
      <Filter>GeneratedFiles\Deploy</Filter>
    </ClCompile>
    <ClCompile Include="GeneratedFiles\Debug\moc_languagebox.cpp">
      <Filter>GeneratedFiles\Debug</Filter>
    </ClCompile>
    <ClCompile Include="GeneratedFiles\Release\moc_languagebox.cpp">
      <Filter>GeneratedFiles\Release</Filter>
    </ClCompile>
    <ClCompile Include="SourceFiles\boxes\backgroundbox.cpp">
      <Filter>SourceFiles\boxes</Filter>
    </ClCompile>
    <ClCompile Include="GeneratedFiles\Deploy\moc_backgroundbox.cpp">
      <Filter>GeneratedFiles\Deploy</Filter>
    </ClCompile>
    <ClCompile Include="GeneratedFiles\Debug\moc_backgroundbox.cpp">
      <Filter>GeneratedFiles\Debug</Filter>
    </ClCompile>
    <ClCompile Include="GeneratedFiles\Release\moc_backgroundbox.cpp">
      <Filter>GeneratedFiles\Release</Filter>
    </ClCompile>
    <ClCompile Include="SourceFiles\pspecific_linux.cpp">
      <Filter>SourceFiles</Filter>
    </ClCompile>
    <ClCompile Include="SourceFiles\pspecific_mac.cpp">
      <Filter>SourceFiles</Filter>
    </ClCompile>
    <ClCompile Include="GeneratedFiles\Deploy\moc_passcodewidget.cpp">
      <Filter>GeneratedFiles\Deploy</Filter>
    </ClCompile>
    <ClCompile Include="GeneratedFiles\Debug\moc_passcodewidget.cpp">
      <Filter>GeneratedFiles\Debug</Filter>
    </ClCompile>
    <ClCompile Include="GeneratedFiles\Release\moc_passcodewidget.cpp">
      <Filter>GeneratedFiles\Release</Filter>
    </ClCompile>
    <ClCompile Include="SourceFiles\passcodewidget.cpp">
      <Filter>SourceFiles</Filter>
    </ClCompile>
    <ClCompile Include="GeneratedFiles\Deploy\moc_autolockbox.cpp">
      <Filter>GeneratedFiles\Deploy</Filter>
    </ClCompile>
    <ClCompile Include="GeneratedFiles\Debug\moc_autolockbox.cpp">
      <Filter>GeneratedFiles\Debug</Filter>
    </ClCompile>
    <ClCompile Include="GeneratedFiles\Release\moc_autolockbox.cpp">
      <Filter>GeneratedFiles\Release</Filter>
    </ClCompile>
    <ClCompile Include="SourceFiles\boxes\autolockbox.cpp">
      <Filter>SourceFiles\boxes</Filter>
    </ClCompile>
    <ClCompile Include="GeneratedFiles\Deploy\moc_passcodebox.cpp">
      <Filter>GeneratedFiles\Deploy</Filter>
    </ClCompile>
    <ClCompile Include="GeneratedFiles\Debug\moc_passcodebox.cpp">
      <Filter>GeneratedFiles\Debug</Filter>
    </ClCompile>
    <ClCompile Include="GeneratedFiles\Release\moc_passcodebox.cpp">
      <Filter>GeneratedFiles\Release</Filter>
    </ClCompile>
    <ClCompile Include="SourceFiles\boxes\passcodebox.cpp">
      <Filter>SourceFiles\boxes</Filter>
    </ClCompile>
    <ClCompile Include="SourceFiles\apiwrap.cpp">
      <Filter>SourceFiles</Filter>
    </ClCompile>
    <ClCompile Include="GeneratedFiles\Deploy\moc_apiwrap.cpp">
      <Filter>GeneratedFiles\Deploy</Filter>
    </ClCompile>
    <ClCompile Include="GeneratedFiles\Debug\moc_apiwrap.cpp">
      <Filter>GeneratedFiles\Debug</Filter>
    </ClCompile>
    <ClCompile Include="GeneratedFiles\Release\moc_apiwrap.cpp">
      <Filter>GeneratedFiles\Release</Filter>
    </ClCompile>
    <ClCompile Include="GeneratedFiles\Deploy\moc_sessionsbox.cpp">
      <Filter>GeneratedFiles\Deploy</Filter>
    </ClCompile>
    <ClCompile Include="GeneratedFiles\Debug\moc_sessionsbox.cpp">
      <Filter>GeneratedFiles\Debug</Filter>
    </ClCompile>
    <ClCompile Include="GeneratedFiles\Release\moc_sessionsbox.cpp">
      <Filter>GeneratedFiles\Release</Filter>
    </ClCompile>
    <ClCompile Include="SourceFiles\boxes\sessionsbox.cpp">
      <Filter>SourceFiles\boxes</Filter>
    </ClCompile>
    <ClCompile Include="SourceFiles\boxes\abstractbox.cpp">
      <Filter>SourceFiles\boxes</Filter>
    </ClCompile>
    <ClCompile Include="GeneratedFiles\Deploy\moc_abstractbox.cpp">
      <Filter>GeneratedFiles\Deploy</Filter>
    </ClCompile>
    <ClCompile Include="GeneratedFiles\Debug\moc_abstractbox.cpp">
      <Filter>GeneratedFiles\Debug</Filter>
    </ClCompile>
    <ClCompile Include="GeneratedFiles\Release\moc_abstractbox.cpp">
      <Filter>GeneratedFiles\Release</Filter>
    </ClCompile>
    <ClCompile Include="SourceFiles\intro\intropwdcheck.cpp">
      <Filter>SourceFiles\intro</Filter>
    </ClCompile>
    <ClCompile Include="GeneratedFiles\Deploy\moc_intropwdcheck.cpp">
      <Filter>GeneratedFiles\Deploy</Filter>
    </ClCompile>
    <ClCompile Include="GeneratedFiles\Debug\moc_intropwdcheck.cpp">
      <Filter>GeneratedFiles\Debug</Filter>
    </ClCompile>
    <ClCompile Include="GeneratedFiles\Release\moc_intropwdcheck.cpp">
      <Filter>GeneratedFiles\Release</Filter>
    </ClCompile>
    <ClCompile Include="SourceFiles\structs.cpp">
      <Filter>SourceFiles</Filter>
    </ClCompile>
    <ClCompile Include="GeneratedFiles\Deploy\moc_stickersetbox.cpp">
      <Filter>GeneratedFiles\Deploy</Filter>
    </ClCompile>
    <ClCompile Include="GeneratedFiles\Debug\moc_stickersetbox.cpp">
      <Filter>GeneratedFiles\Debug</Filter>
    </ClCompile>
    <ClCompile Include="GeneratedFiles\Release\moc_stickersetbox.cpp">
      <Filter>GeneratedFiles\Release</Filter>
    </ClCompile>
    <ClCompile Include="SourceFiles\boxes\stickersetbox.cpp">
      <Filter>SourceFiles\boxes</Filter>
    </ClCompile>
    <ClCompile Include="SourceFiles\autoupdater.cpp">
      <Filter>SourceFiles</Filter>
    </ClCompile>
    <ClCompile Include="GeneratedFiles\Deploy\moc_autoupdater.cpp">
      <Filter>GeneratedFiles\Deploy</Filter>
    </ClCompile>
    <ClCompile Include="GeneratedFiles\Debug\moc_autoupdater.cpp">
      <Filter>GeneratedFiles\Debug</Filter>
    </ClCompile>
    <ClCompile Include="GeneratedFiles\Release\moc_autoupdater.cpp">
      <Filter>GeneratedFiles\Release</Filter>
    </ClCompile>
    <ClCompile Include="SourceFiles\playerwidget.cpp">
      <Filter>SourceFiles</Filter>
    </ClCompile>
    <ClCompile Include="GeneratedFiles\Deploy\moc_playerwidget.cpp">
      <Filter>GeneratedFiles\Deploy</Filter>
    </ClCompile>
    <ClCompile Include="GeneratedFiles\Debug\moc_playerwidget.cpp">
      <Filter>GeneratedFiles\Debug</Filter>
    </ClCompile>
    <ClCompile Include="GeneratedFiles\Release\moc_playerwidget.cpp">
      <Filter>GeneratedFiles\Release</Filter>
    </ClCompile>
    <ClCompile Include="GeneratedFiles\numbers.cpp">
      <Filter>GeneratedFiles</Filter>
    </ClCompile>
    <ClCompile Include="SourceFiles\facades.cpp">
      <Filter>SourceFiles</Filter>
    </ClCompile>
    <ClCompile Include="SourceFiles\layout.cpp">
      <Filter>SourceFiles</Filter>
    </ClCompile>
    <ClCompile Include="GeneratedFiles\Deploy\moc_history.cpp">
      <Filter>GeneratedFiles\Deploy</Filter>
    </ClCompile>
    <ClCompile Include="GeneratedFiles\Debug\moc_history.cpp">
      <Filter>GeneratedFiles\Debug</Filter>
    </ClCompile>
    <ClCompile Include="GeneratedFiles\Release\moc_history.cpp">
      <Filter>GeneratedFiles\Release</Filter>
    </ClCompile>
    <ClCompile Include="ThirdParty\minizip\zip.c">
      <Filter>ThirdParty\minizip</Filter>
    </ClCompile>
    <ClCompile Include="SourceFiles\shortcuts.cpp">
      <Filter>SourceFiles</Filter>
    </ClCompile>
    <ClCompile Include="SourceFiles\intro\introstart.cpp">
      <Filter>SourceFiles\intro</Filter>
    </ClCompile>
    <ClCompile Include="GeneratedFiles\Deploy\moc_introwidget.cpp">
      <Filter>GeneratedFiles\Deploy</Filter>
    </ClCompile>
    <ClCompile Include="GeneratedFiles\Debug\moc_introwidget.cpp">
      <Filter>GeneratedFiles\Debug</Filter>
    </ClCompile>
    <ClCompile Include="GeneratedFiles\Release\moc_introwidget.cpp">
      <Filter>GeneratedFiles\Release</Filter>
    </ClCompile>
    <ClCompile Include="SourceFiles\intro\introwidget.cpp">
      <Filter>SourceFiles\intro</Filter>
    </ClCompile>
    <ClCompile Include="SourceFiles\pspecific_win.cpp">
      <Filter>SourceFiles</Filter>
    </ClCompile>
    <ClCompile Include="SourceFiles\pspecific_winrt.cpp">
      <Filter>SourceFiles</Filter>
    </ClCompile>
    <ClCompile Include="GeneratedFiles\Deploy\moc_pspecific_winrt.cpp">
      <Filter>GeneratedFiles\Deploy</Filter>
    </ClCompile>
    <ClCompile Include="GeneratedFiles\Release\moc_pspecific_winrt.cpp">
      <Filter>GeneratedFiles\Release</Filter>
    </ClCompile>
    <ClCompile Include="GeneratedFiles\Deploy\moc_connection_tcp.cpp">
      <Filter>GeneratedFiles\Deploy</Filter>
    </ClCompile>
    <ClCompile Include="SourceFiles\mtproto\connection_tcp.cpp">
      <Filter>SourceFiles\mtproto</Filter>
    </ClCompile>
    <ClCompile Include="GeneratedFiles\Debug\moc_connection_tcp.cpp">
      <Filter>GeneratedFiles\Debug</Filter>
    </ClCompile>
    <ClCompile Include="GeneratedFiles\Release\moc_connection_tcp.cpp">
      <Filter>GeneratedFiles\Release</Filter>
    </ClCompile>
    <ClCompile Include="GeneratedFiles\Deploy\moc_connection_http.cpp">
      <Filter>GeneratedFiles\Deploy</Filter>
    </ClCompile>
    <ClCompile Include="SourceFiles\mtproto\connection_http.cpp">
      <Filter>SourceFiles\mtproto</Filter>
    </ClCompile>
    <ClCompile Include="SourceFiles\mtproto\connection_auto.cpp">
      <Filter>SourceFiles\mtproto</Filter>
    </ClCompile>
    <ClCompile Include="SourceFiles\mtproto\auth_key.cpp">
      <Filter>SourceFiles\mtproto</Filter>
    </ClCompile>
    <ClCompile Include="SourceFiles\mtproto\connection.cpp">
      <Filter>SourceFiles\mtproto</Filter>
    </ClCompile>
    <ClCompile Include="GeneratedFiles\Deploy\moc_connection.cpp">
      <Filter>GeneratedFiles\Deploy</Filter>
    </ClCompile>
    <ClCompile Include="GeneratedFiles\Debug\moc_connection.cpp">
      <Filter>GeneratedFiles\Debug</Filter>
    </ClCompile>
    <ClCompile Include="GeneratedFiles\Release\moc_connection.cpp">
      <Filter>GeneratedFiles\Release</Filter>
    </ClCompile>
    <ClCompile Include="SourceFiles\mtproto\core_types.cpp">
      <Filter>SourceFiles\mtproto</Filter>
    </ClCompile>
    <ClCompile Include="SourceFiles\mtproto\dcenter.cpp">
      <Filter>SourceFiles\mtproto</Filter>
    </ClCompile>
    <ClCompile Include="GeneratedFiles\Deploy\moc_dcenter.cpp">
      <Filter>GeneratedFiles\Deploy</Filter>
    </ClCompile>
    <ClCompile Include="GeneratedFiles\Debug\moc_dcenter.cpp">
      <Filter>GeneratedFiles\Debug</Filter>
    </ClCompile>
    <ClCompile Include="GeneratedFiles\Release\moc_dcenter.cpp">
      <Filter>GeneratedFiles\Release</Filter>
    </ClCompile>
    <ClCompile Include="SourceFiles\mtproto\facade.cpp">
      <Filter>SourceFiles\mtproto</Filter>
    </ClCompile>
    <ClCompile Include="SourceFiles\mtproto\file_download.cpp">
      <Filter>SourceFiles\mtproto</Filter>
    </ClCompile>
    <ClCompile Include="GeneratedFiles\Deploy\moc_file_download.cpp">
      <Filter>GeneratedFiles\Deploy</Filter>
    </ClCompile>
    <ClCompile Include="GeneratedFiles\Debug\moc_file_download.cpp">
      <Filter>GeneratedFiles\Debug</Filter>
    </ClCompile>
    <ClCompile Include="GeneratedFiles\Release\moc_file_download.cpp">
      <Filter>GeneratedFiles\Release</Filter>
    </ClCompile>
    <ClCompile Include="SourceFiles\mtproto\rpc_sender.cpp">
      <Filter>SourceFiles\mtproto</Filter>
    </ClCompile>
    <ClCompile Include="SourceFiles\mtproto\rsa_public_key.cpp">
      <Filter>SourceFiles\mtproto</Filter>
    </ClCompile>
    <ClCompile Include="SourceFiles\mtproto\scheme_auto.cpp">
      <Filter>SourceFiles\mtproto</Filter>
    </ClCompile>
    <ClCompile Include="SourceFiles\mtproto\session.cpp">
      <Filter>SourceFiles\mtproto</Filter>
    </ClCompile>
    <ClCompile Include="GeneratedFiles\Deploy\moc_session.cpp">
      <Filter>GeneratedFiles\Deploy</Filter>
    </ClCompile>
    <ClCompile Include="GeneratedFiles\Debug\moc_session.cpp">
      <Filter>GeneratedFiles\Debug</Filter>
    </ClCompile>
    <ClCompile Include="GeneratedFiles\Release\moc_session.cpp">
      <Filter>GeneratedFiles\Release</Filter>
    </ClCompile>
    <ClCompile Include="SourceFiles\mtproto\connection_abstract.cpp">
      <Filter>SourceFiles\mtproto</Filter>
    </ClCompile>
    <ClCompile Include="GeneratedFiles\Deploy\moc_connection_abstract.cpp">
      <Filter>GeneratedFiles\Deploy</Filter>
    </ClCompile>
    <ClCompile Include="GeneratedFiles\Debug\moc_connection_abstract.cpp">
      <Filter>GeneratedFiles\Debug</Filter>
    </ClCompile>
    <ClCompile Include="GeneratedFiles\Release\moc_connection_abstract.cpp">
      <Filter>GeneratedFiles\Release</Filter>
    </ClCompile>
    <ClCompile Include="GeneratedFiles\Debug\moc_connection_http.cpp">
      <Filter>GeneratedFiles\Debug</Filter>
    </ClCompile>
    <ClCompile Include="GeneratedFiles\Release\moc_connection_http.cpp">
      <Filter>GeneratedFiles\Release</Filter>
    </ClCompile>
    <ClCompile Include="GeneratedFiles\Deploy\moc_connection_auto.cpp">
      <Filter>GeneratedFiles\Deploy</Filter>
    </ClCompile>
    <ClCompile Include="GeneratedFiles\Debug\moc_connection_auto.cpp">
      <Filter>GeneratedFiles\Debug</Filter>
    </ClCompile>
    <ClCompile Include="GeneratedFiles\Release\moc_connection_auto.cpp">
      <Filter>GeneratedFiles\Release</Filter>
    </ClCompile>
    <ClCompile Include="GeneratedFiles\Deploy\moc_facade.cpp">
      <Filter>GeneratedFiles\Deploy</Filter>
    </ClCompile>
    <ClCompile Include="GeneratedFiles\Debug\moc_facade.cpp">
      <Filter>GeneratedFiles\Debug</Filter>
    </ClCompile>
    <ClCompile Include="GeneratedFiles\Release\moc_facade.cpp">
      <Filter>GeneratedFiles\Release</Filter>
    </ClCompile>
    <ClCompile Include="SourceFiles\inline_bots\inline_bot_result.cpp">
      <Filter>SourceFiles\inline_bots</Filter>
    </ClCompile>
    <ClCompile Include="SourceFiles\inline_bots\inline_bot_layout_item.cpp">
      <Filter>SourceFiles\inline_bots</Filter>
    </ClCompile>
    <ClCompile Include="SourceFiles\inline_bots\inline_bot_send_data.cpp">
      <Filter>SourceFiles\inline_bots</Filter>
    </ClCompile>
    <ClCompile Include="SourceFiles\inline_bots\inline_bot_layout_internal.cpp">
      <Filter>SourceFiles\inline_bots</Filter>
    </ClCompile>
    <ClCompile Include="SourceFiles\ui\animation.cpp">
      <Filter>SourceFiles\ui</Filter>
    </ClCompile>
    <ClCompile Include="GeneratedFiles\Deploy\moc_animation.cpp">
      <Filter>GeneratedFiles\Deploy</Filter>
    </ClCompile>
    <ClCompile Include="GeneratedFiles\Debug\moc_animation.cpp">
      <Filter>GeneratedFiles\Debug</Filter>
    </ClCompile>
    <ClCompile Include="GeneratedFiles\Release\moc_animation.cpp">
      <Filter>GeneratedFiles\Release</Filter>
    </ClCompile>
    <ClCompile Include="SourceFiles\ui\boxshadow.cpp">
      <Filter>SourceFiles\ui</Filter>
    </ClCompile>
    <ClCompile Include="SourceFiles\ui\button.cpp">
      <Filter>SourceFiles\ui</Filter>
    </ClCompile>
    <ClCompile Include="GeneratedFiles\Deploy\moc_button.cpp">
      <Filter>GeneratedFiles\Deploy</Filter>
    </ClCompile>
    <ClCompile Include="GeneratedFiles\Debug\moc_button.cpp">
      <Filter>GeneratedFiles\Debug</Filter>
    </ClCompile>
    <ClCompile Include="GeneratedFiles\Release\moc_button.cpp">
      <Filter>GeneratedFiles\Release</Filter>
    </ClCompile>
    <ClCompile Include="SourceFiles\ui\countryinput.cpp">
      <Filter>SourceFiles\ui</Filter>
    </ClCompile>
    <ClCompile Include="GeneratedFiles\Deploy\moc_countryinput.cpp">
      <Filter>GeneratedFiles\Deploy</Filter>
    </ClCompile>
    <ClCompile Include="GeneratedFiles\Debug\moc_countryinput.cpp">
      <Filter>GeneratedFiles\Debug</Filter>
    </ClCompile>
    <ClCompile Include="GeneratedFiles\Release\moc_countryinput.cpp">
      <Filter>GeneratedFiles\Release</Filter>
    </ClCompile>
    <ClCompile Include="SourceFiles\ui\emoji_config.cpp">
      <Filter>SourceFiles\ui</Filter>
    </ClCompile>
    <ClCompile Include="SourceFiles\ui\filedialog.cpp">
      <Filter>SourceFiles\ui</Filter>
    </ClCompile>
    <ClCompile Include="SourceFiles\ui\flatbutton.cpp">
      <Filter>SourceFiles\ui</Filter>
    </ClCompile>
    <ClCompile Include="GeneratedFiles\Deploy\moc_flatbutton.cpp">
      <Filter>GeneratedFiles\Deploy</Filter>
    </ClCompile>
    <ClCompile Include="GeneratedFiles\Debug\moc_flatbutton.cpp">
      <Filter>GeneratedFiles\Debug</Filter>
    </ClCompile>
    <ClCompile Include="GeneratedFiles\Release\moc_flatbutton.cpp">
      <Filter>GeneratedFiles\Release</Filter>
    </ClCompile>
    <ClCompile Include="SourceFiles\ui\flatcheckbox.cpp">
      <Filter>SourceFiles\ui</Filter>
    </ClCompile>
    <ClCompile Include="GeneratedFiles\Deploy\moc_flatcheckbox.cpp">
      <Filter>GeneratedFiles\Deploy</Filter>
    </ClCompile>
    <ClCompile Include="GeneratedFiles\Debug\moc_flatcheckbox.cpp">
      <Filter>GeneratedFiles\Debug</Filter>
    </ClCompile>
    <ClCompile Include="GeneratedFiles\Release\moc_flatcheckbox.cpp">
      <Filter>GeneratedFiles\Release</Filter>
    </ClCompile>
    <ClCompile Include="SourceFiles\ui\flatinput.cpp">
      <Filter>SourceFiles\ui</Filter>
    </ClCompile>
    <ClCompile Include="GeneratedFiles\Deploy\moc_flatinput.cpp">
      <Filter>GeneratedFiles\Deploy</Filter>
    </ClCompile>
    <ClCompile Include="GeneratedFiles\Debug\moc_flatinput.cpp">
      <Filter>GeneratedFiles\Debug</Filter>
    </ClCompile>
    <ClCompile Include="GeneratedFiles\Release\moc_flatinput.cpp">
      <Filter>GeneratedFiles\Release</Filter>
    </ClCompile>
    <ClCompile Include="SourceFiles\ui\flatlabel.cpp">
      <Filter>SourceFiles\ui</Filter>
    </ClCompile>
    <ClCompile Include="GeneratedFiles\Deploy\moc_flatlabel.cpp">
      <Filter>GeneratedFiles\Deploy</Filter>
    </ClCompile>
    <ClCompile Include="GeneratedFiles\Debug\moc_flatlabel.cpp">
      <Filter>GeneratedFiles\Debug</Filter>
    </ClCompile>
    <ClCompile Include="GeneratedFiles\Release\moc_flatlabel.cpp">
      <Filter>GeneratedFiles\Release</Filter>
    </ClCompile>
    <ClCompile Include="SourceFiles\ui\flattextarea.cpp">
      <Filter>SourceFiles\ui</Filter>
    </ClCompile>
    <ClCompile Include="GeneratedFiles\Deploy\moc_flattextarea.cpp">
      <Filter>GeneratedFiles\Deploy</Filter>
    </ClCompile>
    <ClCompile Include="GeneratedFiles\Debug\moc_flattextarea.cpp">
      <Filter>GeneratedFiles\Debug</Filter>
    </ClCompile>
    <ClCompile Include="GeneratedFiles\Release\moc_flattextarea.cpp">
      <Filter>GeneratedFiles\Release</Filter>
    </ClCompile>
    <ClCompile Include="SourceFiles\ui\images.cpp">
      <Filter>SourceFiles\ui</Filter>
    </ClCompile>
    <ClCompile Include="SourceFiles\ui\popupmenu.cpp">
      <Filter>SourceFiles\ui</Filter>
    </ClCompile>
    <ClCompile Include="GeneratedFiles\Deploy\moc_popupmenu.cpp">
      <Filter>GeneratedFiles\Deploy</Filter>
    </ClCompile>
    <ClCompile Include="GeneratedFiles\Debug\moc_popupmenu.cpp">
      <Filter>GeneratedFiles\Debug</Filter>
    </ClCompile>
    <ClCompile Include="GeneratedFiles\Release\moc_popupmenu.cpp">
      <Filter>GeneratedFiles\Release</Filter>
    </ClCompile>
    <ClCompile Include="SourceFiles\ui\scrollarea.cpp">
      <Filter>SourceFiles\ui</Filter>
    </ClCompile>
    <ClCompile Include="GeneratedFiles\Deploy\moc_scrollarea.cpp">
      <Filter>GeneratedFiles\Deploy</Filter>
    </ClCompile>
    <ClCompile Include="GeneratedFiles\Debug\moc_scrollarea.cpp">
      <Filter>GeneratedFiles\Debug</Filter>
    </ClCompile>
    <ClCompile Include="GeneratedFiles\Release\moc_scrollarea.cpp">
      <Filter>GeneratedFiles\Release</Filter>
    </ClCompile>
    <ClCompile Include="SourceFiles\ui\twidget.cpp">
      <Filter>SourceFiles\ui</Filter>
    </ClCompile>
    <ClCompile Include="GeneratedFiles\Deploy\moc_twidget.cpp">
      <Filter>GeneratedFiles\Deploy</Filter>
    </ClCompile>
    <ClCompile Include="GeneratedFiles\Debug\moc_twidget.cpp">
      <Filter>GeneratedFiles\Debug</Filter>
    </ClCompile>
    <ClCompile Include="GeneratedFiles\Release\moc_twidget.cpp">
      <Filter>GeneratedFiles\Release</Filter>
    </ClCompile>
    <ClCompile Include="SourceFiles\ui\toast\toast.cpp">
      <Filter>SourceFiles\ui\toast</Filter>
    </ClCompile>
    <ClCompile Include="SourceFiles\ui\toast\toast_manager.cpp">
      <Filter>SourceFiles\ui\toast</Filter>
    </ClCompile>
    <ClCompile Include="GeneratedFiles\Deploy\moc_toast_manager.cpp">
      <Filter>GeneratedFiles\Deploy</Filter>
    </ClCompile>
    <ClCompile Include="GeneratedFiles\Debug\moc_toast_manager.cpp">
      <Filter>GeneratedFiles\Debug</Filter>
    </ClCompile>
    <ClCompile Include="GeneratedFiles\Release\moc_toast_manager.cpp">
      <Filter>GeneratedFiles\Release</Filter>
    </ClCompile>
    <ClCompile Include="SourceFiles\ui\toast\toast_widget.cpp">
      <Filter>SourceFiles\ui\toast</Filter>
    </ClCompile>
    <ClCompile Include="SourceFiles\serialize\serialize_document.cpp">
      <Filter>SourceFiles\serialize</Filter>
    </ClCompile>
    <ClCompile Include="SourceFiles\serialize\serialize_common.cpp">
      <Filter>SourceFiles\serialize</Filter>
    </ClCompile>
    <ClCompile Include="SourceFiles\dialogs\dialogs_layout.cpp">
      <Filter>SourceFiles\dialogs</Filter>
    </ClCompile>
    <ClCompile Include="SourceFiles\dialogs\dialogs_list.cpp">
      <Filter>SourceFiles\dialogs</Filter>
    </ClCompile>
    <ClCompile Include="SourceFiles\dialogs\dialogs_indexed_list.cpp">
      <Filter>SourceFiles\dialogs</Filter>
    </ClCompile>
    <ClCompile Include="SourceFiles\ui\buttons\peer_avatar_button.cpp">
      <Filter>SourceFiles\ui\buttons</Filter>
    </ClCompile>
    <ClCompile Include="SourceFiles\window\top_bar_widget.cpp">
      <Filter>SourceFiles\window</Filter>
    </ClCompile>
    <ClCompile Include="GeneratedFiles\Deploy\moc_top_bar_widget.cpp">
      <Filter>GeneratedFiles\Deploy</Filter>
    </ClCompile>
    <ClCompile Include="GeneratedFiles\Deploy\moc_mainwindow.cpp">
      <Filter>GeneratedFiles\Deploy</Filter>
    </ClCompile>
    <ClCompile Include="GeneratedFiles\Debug\moc_mainwindow.cpp">
      <Filter>GeneratedFiles\Debug</Filter>
    </ClCompile>
    <ClCompile Include="GeneratedFiles\Release\moc_mainwindow.cpp">
      <Filter>GeneratedFiles\Release</Filter>
    </ClCompile>
    <ClCompile Include="SourceFiles\mainwindow.cpp">
      <Filter>SourceFiles</Filter>
    </ClCompile>
    <ClCompile Include="GeneratedFiles\Debug\moc_top_bar_widget.cpp">
      <Filter>GeneratedFiles\Debug</Filter>
    </ClCompile>
    <ClCompile Include="GeneratedFiles\Release\moc_top_bar_widget.cpp">
      <Filter>GeneratedFiles\Release</Filter>
    </ClCompile>
    <ClCompile Include="SourceFiles\core\click_handler.cpp">
      <Filter>SourceFiles\core</Filter>
    </ClCompile>
    <ClCompile Include="SourceFiles\core\basic_types.cpp">
      <Filter>SourceFiles\core</Filter>
    </ClCompile>
    <ClCompile Include="GeneratedFiles\Deploy\moc_basic_types.cpp">
      <Filter>GeneratedFiles\Deploy</Filter>
    </ClCompile>
    <ClCompile Include="GeneratedFiles\Debug\moc_basic_types.cpp">
      <Filter>GeneratedFiles\Debug</Filter>
    </ClCompile>
    <ClCompile Include="GeneratedFiles\Release\moc_basic_types.cpp">
      <Filter>GeneratedFiles\Release</Filter>
    </ClCompile>
    <ClCompile Include="SourceFiles\core\click_handler_types.cpp">
      <Filter>SourceFiles\core</Filter>
    </ClCompile>
    <ClCompile Include="SourceFiles\overview\overview_layout.cpp">
      <Filter>SourceFiles\overview</Filter>
    </ClCompile>
    <ClCompile Include="SourceFiles\ui\text\text.cpp">
      <Filter>SourceFiles\ui\text</Filter>
    </ClCompile>
    <ClCompile Include="SourceFiles\ui\text\text_entity.cpp">
      <Filter>SourceFiles\ui\text</Filter>
    </ClCompile>
    <ClCompile Include="SourceFiles\ui\text\text_block.cpp">
      <Filter>SourceFiles\ui\text</Filter>
    </ClCompile>
    <ClCompile Include="GeneratedFiles\styles\style_basic.cpp">
      <Filter>GeneratedFiles\styles</Filter>
    </ClCompile>
    <ClCompile Include="GeneratedFiles\styles\style_basic_types.cpp">
      <Filter>GeneratedFiles\styles</Filter>
    </ClCompile>
    <ClCompile Include="GeneratedFiles\styles\style_overview.cpp">
      <Filter>GeneratedFiles\styles</Filter>
    </ClCompile>
    <ClCompile Include="SourceFiles\ui\style\style_core.cpp">
      <Filter>SourceFiles\ui\style</Filter>
    </ClCompile>
    <ClCompile Include="SourceFiles\ui\style\style_core_types.cpp">
      <Filter>SourceFiles\ui\style</Filter>
    </ClCompile>
    <ClCompile Include="SourceFiles\ui\style\style_core_font.cpp">
      <Filter>SourceFiles\ui\style</Filter>
    </ClCompile>
    <ClCompile Include="SourceFiles\ui\style\style_core_color.cpp">
      <Filter>SourceFiles\ui\style</Filter>
    </ClCompile>
    <ClCompile Include="SourceFiles\ui\style\style_core_icon.cpp">
      <Filter>SourceFiles\ui\style</Filter>
    </ClCompile>
    <ClCompile Include="SourceFiles\profile\profile_widget.cpp">
      <Filter>SourceFiles\profile</Filter>
    </ClCompile>
    <ClCompile Include="GeneratedFiles\Deploy\moc_profile_widget.cpp">
      <Filter>GeneratedFiles\Deploy</Filter>
    </ClCompile>
    <ClCompile Include="GeneratedFiles\Debug\moc_profile_widget.cpp">
      <Filter>GeneratedFiles\Debug</Filter>
    </ClCompile>
    <ClCompile Include="GeneratedFiles\Release\moc_profile_widget.cpp">
      <Filter>GeneratedFiles\Release</Filter>
    </ClCompile>
    <ClCompile Include="GeneratedFiles\Deploy\moc_profile_inner_widget.cpp">
      <Filter>GeneratedFiles\Deploy</Filter>
    </ClCompile>
    <ClCompile Include="GeneratedFiles\Debug\moc_profile_inner_widget.cpp">
      <Filter>GeneratedFiles\Debug</Filter>
    </ClCompile>
    <ClCompile Include="GeneratedFiles\Release\moc_profile_inner_widget.cpp">
      <Filter>GeneratedFiles\Release</Filter>
    </ClCompile>
    <ClCompile Include="SourceFiles\profile\profile_inner_widget.cpp">
      <Filter>SourceFiles\profile</Filter>
    </ClCompile>
    <ClCompile Include="GeneratedFiles\styles\style_profile.cpp">
      <Filter>GeneratedFiles\styles</Filter>
    </ClCompile>
    <ClCompile Include="SourceFiles\profile\profile_cover.cpp">
      <Filter>SourceFiles\profile</Filter>
    </ClCompile>
    <ClCompile Include="GeneratedFiles\Deploy\moc_profile_cover.cpp">
      <Filter>GeneratedFiles\Deploy</Filter>
    </ClCompile>
    <ClCompile Include="GeneratedFiles\Debug\moc_profile_cover.cpp">
      <Filter>GeneratedFiles\Debug</Filter>
    </ClCompile>
    <ClCompile Include="GeneratedFiles\Release\moc_profile_cover.cpp">
      <Filter>GeneratedFiles\Release</Filter>
    </ClCompile>
    <ClCompile Include="SourceFiles\profile\profile_fixed_bar.cpp">
      <Filter>SourceFiles\profile</Filter>
    </ClCompile>
    <ClCompile Include="GeneratedFiles\Deploy\moc_profile_fixed_bar.cpp">
      <Filter>GeneratedFiles\Deploy</Filter>
    </ClCompile>
    <ClCompile Include="GeneratedFiles\Debug\moc_profile_fixed_bar.cpp">
      <Filter>GeneratedFiles\Debug</Filter>
    </ClCompile>
    <ClCompile Include="GeneratedFiles\Release\moc_profile_fixed_bar.cpp">
      <Filter>GeneratedFiles\Release</Filter>
    </ClCompile>
    <ClCompile Include="GeneratedFiles\Deploy\moc_field_autocomplete.cpp">
      <Filter>GeneratedFiles\Deploy</Filter>
    </ClCompile>
    <ClCompile Include="SourceFiles\history\field_autocomplete.cpp">
      <Filter>SourceFiles\history</Filter>
    </ClCompile>
    <ClCompile Include="GeneratedFiles\Debug\moc_field_autocomplete.cpp">
      <Filter>GeneratedFiles\Debug</Filter>
    </ClCompile>
    <ClCompile Include="GeneratedFiles\Release\moc_field_autocomplete.cpp">
      <Filter>GeneratedFiles\Release</Filter>
    </ClCompile>
    <ClCompile Include="GeneratedFiles\styles\style_history.cpp">
      <Filter>GeneratedFiles\styles</Filter>
    </ClCompile>
    <ClCompile Include="SourceFiles\ui\buttons\history_down_button.cpp">
      <Filter>SourceFiles\ui\buttons</Filter>
    </ClCompile>
    <ClCompile Include="GeneratedFiles\styles\style_dialogs.cpp">
      <Filter>GeneratedFiles\styles</Filter>
    </ClCompile>
    <ClCompile Include="SourceFiles\window\section_widget.cpp">
      <Filter>SourceFiles\window</Filter>
    </ClCompile>
    <ClCompile Include="GeneratedFiles\Deploy\moc_section_widget.cpp">
      <Filter>GeneratedFiles\Deploy</Filter>
    </ClCompile>
    <ClCompile Include="GeneratedFiles\Debug\moc_section_widget.cpp">
      <Filter>GeneratedFiles\Debug</Filter>
    </ClCompile>
    <ClCompile Include="GeneratedFiles\Release\moc_section_widget.cpp">
      <Filter>GeneratedFiles\Release</Filter>
    </ClCompile>
    <ClCompile Include="SourceFiles\window\slide_animation.cpp">
      <Filter>SourceFiles\window</Filter>
    </ClCompile>
    <ClCompile Include="SourceFiles\profile\profile_section_memento.cpp">
      <Filter>SourceFiles\profile</Filter>
    </ClCompile>
    <ClCompile Include="SourceFiles\ui\buttons\round_button.cpp">
      <Filter>SourceFiles\ui\buttons</Filter>
    </ClCompile>
    <ClCompile Include="SourceFiles\core\observer.cpp">
      <Filter>SourceFiles\core</Filter>
    </ClCompile>
    <ClCompile Include="SourceFiles\observer_peer.cpp">
      <Filter>SourceFiles</Filter>
    </ClCompile>
    <ClCompile Include="SourceFiles\profile\profile_cover_drop_area.cpp">
      <Filter>SourceFiles\profile</Filter>
    </ClCompile>
    <ClCompile Include="SourceFiles\profile\profile_userpic_button.cpp">
      <Filter>SourceFiles\profile</Filter>
    </ClCompile>
    <ClCompile Include="GeneratedFiles\Deploy\moc_profile_block_widget.cpp">
      <Filter>GeneratedFiles\Deploy</Filter>
    </ClCompile>
    <ClCompile Include="GeneratedFiles\Debug\moc_profile_block_widget.cpp">
      <Filter>GeneratedFiles\Debug</Filter>
    </ClCompile>
    <ClCompile Include="GeneratedFiles\Release\moc_profile_block_widget.cpp">
      <Filter>GeneratedFiles\Release</Filter>
    </ClCompile>
    <ClCompile Include="SourceFiles\profile\profile_block_widget.cpp">
      <Filter>SourceFiles\profile</Filter>
    </ClCompile>
    <ClCompile Include="SourceFiles\profile\profile_info_widget.cpp">
      <Filter>SourceFiles\profile</Filter>
    </ClCompile>
    <ClCompile Include="SourceFiles\profile\profile_actions_widget.cpp">
      <Filter>SourceFiles\profile</Filter>
    </ClCompile>
    <ClCompile Include="SourceFiles\profile\profile_invite_link_widget.cpp">
      <Filter>SourceFiles\profile</Filter>
    </ClCompile>
    <ClCompile Include="SourceFiles\profile\profile_members_widget.cpp">
      <Filter>SourceFiles\profile</Filter>
    </ClCompile>
    <ClCompile Include="SourceFiles\profile\profile_settings_widget.cpp">
      <Filter>SourceFiles\profile</Filter>
    </ClCompile>
    <ClCompile Include="SourceFiles\profile\profile_shared_media_widget.cpp">
      <Filter>SourceFiles\profile</Filter>
    </ClCompile>
    <ClCompile Include="GeneratedFiles\Deploy\moc_profile_settings_widget.cpp">
      <Filter>GeneratedFiles\Deploy</Filter>
    </ClCompile>
    <ClCompile Include="SourceFiles\ui\buttons\left_outline_button.cpp">
      <Filter>SourceFiles\ui\buttons</Filter>
    </ClCompile>
    <ClCompile Include="GeneratedFiles\Debug\moc_profile_settings_widget.cpp">
      <Filter>GeneratedFiles\Debug</Filter>
    </ClCompile>
    <ClCompile Include="GeneratedFiles\Release\moc_profile_settings_widget.cpp">
      <Filter>GeneratedFiles\Release</Filter>
    </ClCompile>
    <ClCompile Include="GeneratedFiles\Deploy\moc_profile_actions_widget.cpp">
      <Filter>GeneratedFiles\Deploy</Filter>
    </ClCompile>
    <ClCompile Include="GeneratedFiles\Debug\moc_profile_actions_widget.cpp">
      <Filter>GeneratedFiles\Debug</Filter>
    </ClCompile>
    <ClCompile Include="GeneratedFiles\Release\moc_profile_actions_widget.cpp">
      <Filter>GeneratedFiles\Release</Filter>
    </ClCompile>
    <ClCompile Include="GeneratedFiles\Deploy\moc_profile_members_widget.cpp">
      <Filter>GeneratedFiles\Deploy</Filter>
    </ClCompile>
    <ClCompile Include="GeneratedFiles\Debug\moc_profile_members_widget.cpp">
      <Filter>GeneratedFiles\Debug</Filter>
    </ClCompile>
    <ClCompile Include="GeneratedFiles\Release\moc_profile_members_widget.cpp">
      <Filter>GeneratedFiles\Release</Filter>
    </ClCompile>
    <ClCompile Include="GeneratedFiles\Deploy\moc_profile_shared_media_widget.cpp">
      <Filter>GeneratedFiles\Deploy</Filter>
    </ClCompile>
    <ClCompile Include="GeneratedFiles\Debug\moc_profile_shared_media_widget.cpp">
      <Filter>GeneratedFiles\Debug</Filter>
    </ClCompile>
    <ClCompile Include="GeneratedFiles\Release\moc_profile_shared_media_widget.cpp">
      <Filter>GeneratedFiles\Release</Filter>
    </ClCompile>
    <ClCompile Include="GeneratedFiles\Deploy\moc_report_box.cpp">
      <Filter>GeneratedFiles\Deploy</Filter>
    </ClCompile>
    <ClCompile Include="SourceFiles\boxes\report_box.cpp">
      <Filter>SourceFiles\boxes</Filter>
    </ClCompile>
    <ClCompile Include="GeneratedFiles\Debug\moc_report_box.cpp">
      <Filter>GeneratedFiles\Debug</Filter>
    </ClCompile>
    <ClCompile Include="GeneratedFiles\Release\moc_report_box.cpp">
      <Filter>GeneratedFiles\Release</Filter>
    </ClCompile>
    <ClCompile Include="SourceFiles\dialogs\dialogs_row.cpp">
      <Filter>SourceFiles\dialogs</Filter>
    </ClCompile>
    <ClCompile Include="SourceFiles\history\history_service_layout.cpp">
      <Filter>SourceFiles\history</Filter>
    </ClCompile>
    <ClCompile Include="SourceFiles\data\data_drafts.cpp">
      <Filter>SourceFiles\data</Filter>
    </ClCompile>
    <ClCompile Include="SourceFiles\data\data_abstract_structure.cpp">
      <Filter>SourceFiles\data</Filter>
    </ClCompile>
    <ClCompile Include="GeneratedFiles\Deploy\moc_main_window_win.cpp">
      <Filter>GeneratedFiles\Deploy</Filter>
    </ClCompile>
    <ClCompile Include="GeneratedFiles\Debug\moc_main_window_win.cpp">
      <Filter>GeneratedFiles\Debug</Filter>
    </ClCompile>
    <ClCompile Include="GeneratedFiles\Release\moc_main_window_win.cpp">
      <Filter>GeneratedFiles\Release</Filter>
    </ClCompile>
    <ClCompile Include="SourceFiles\platform\win\main_window_win.cpp">
      <Filter>SourceFiles\platform\win</Filter>
    </ClCompile>
    <ClCompile Include="SourceFiles\window\main_window.cpp">
      <Filter>SourceFiles\window</Filter>
    </ClCompile>
    <ClCompile Include="SourceFiles\platform\win\windows_toasts.cpp">
      <Filter>SourceFiles\platform\win</Filter>
    </ClCompile>
    <ClCompile Include="SourceFiles\platform\win\windows_app_user_model_id.cpp">
      <Filter>SourceFiles\platform\win</Filter>
    </ClCompile>
    <ClCompile Include="SourceFiles\platform\win\windows_dlls.cpp">
      <Filter>SourceFiles\platform\win</Filter>
    </ClCompile>
    <ClCompile Include="SourceFiles\platform\win\windows_event_filter.cpp">
      <Filter>SourceFiles\platform\win</Filter>
    </ClCompile>
    <ClCompile Include="SourceFiles\platform\winrt\main_window_winrt.cpp">
      <Filter>SourceFiles\platform\winrt</Filter>
    </ClCompile>
    <ClCompile Include="GeneratedFiles\Deploy\moc_main_window_mac.cpp">
      <Filter>GeneratedFiles\Deploy</Filter>
    </ClCompile>
    <ClCompile Include="GeneratedFiles\Release\moc_main_window_mac.cpp">
      <Filter>GeneratedFiles\Release</Filter>
    </ClCompile>
    <ClCompile Include="SourceFiles\platform\linux\main_window_linux.cpp">
      <Filter>SourceFiles\platform\linux</Filter>
    </ClCompile>
    <ClCompile Include="GeneratedFiles\Deploy\moc_main_window_linux.cpp">
      <Filter>GeneratedFiles\Deploy</Filter>
    </ClCompile>
    <ClCompile Include="GeneratedFiles\Debug\moc_main_window_linux.cpp">
      <Filter>GeneratedFiles\Debug</Filter>
    </ClCompile>
    <ClCompile Include="GeneratedFiles\Release\moc_main_window_linux.cpp">
      <Filter>GeneratedFiles\Release</Filter>
    </ClCompile>
    <ClCompile Include="SourceFiles\ui\inner_dropdown.cpp">
      <Filter>SourceFiles\ui</Filter>
    </ClCompile>
    <ClCompile Include="GeneratedFiles\Deploy\moc_inner_dropdown.cpp">
      <Filter>GeneratedFiles\Deploy</Filter>
    </ClCompile>
    <ClCompile Include="GeneratedFiles\Debug\moc_inner_dropdown.cpp">
      <Filter>GeneratedFiles\Debug</Filter>
    </ClCompile>
    <ClCompile Include="GeneratedFiles\Release\moc_inner_dropdown.cpp">
      <Filter>GeneratedFiles\Release</Filter>
    </ClCompile>
    <ClCompile Include="SourceFiles\platform\linux\linux_libs.cpp">
      <Filter>SourceFiles\platform\linux</Filter>
    </ClCompile>
  </ItemGroup>
  <ItemGroup>
    <ClInclude Include="SourceFiles\stdafx.h">
      <Filter>SourceFiles</Filter>
    </ClInclude>
    <ClInclude Include="SourceFiles\logs.h">
      <Filter>SourceFiles</Filter>
    </ClInclude>
    <ClInclude Include="SourceFiles\countries.h">
      <Filter>SourceFiles</Filter>
    </ClInclude>
    <ClInclude Include="SourceFiles\app.h">
      <Filter>SourceFiles</Filter>
    </ClInclude>
    <ClInclude Include="SourceFiles\settings.h">
      <Filter>SourceFiles</Filter>
    </ClInclude>
    <ClInclude Include="SourceFiles\langloaderplain.h">
      <Filter>SourceFiles</Filter>
    </ClInclude>
    <ClInclude Include="SourceFiles\pspecific.h">
      <Filter>SourceFiles</Filter>
    </ClInclude>
    <ClInclude Include="GeneratedFiles\lang_auto.h">
      <Filter>GeneratedFiles</Filter>
    </ClInclude>
    <ClInclude Include="SourceFiles\lang.h">
      <Filter>SourceFiles</Filter>
    </ClInclude>
    <ClInclude Include="SourceFiles\pspecific_mac_p.h">
      <Filter>SourceFiles</Filter>
    </ClInclude>
    <ClInclude Include="ThirdParty\minizip\crypt.h">
      <Filter>ThirdParty\minizip</Filter>
    </ClInclude>
    <ClInclude Include="ThirdParty\minizip\ioapi.h">
      <Filter>ThirdParty\minizip</Filter>
    </ClInclude>
    <ClInclude Include="ThirdParty\minizip\zip.h">
      <Filter>ThirdParty\minizip</Filter>
    </ClInclude>
    <ClInclude Include="SourceFiles\shortcuts.h">
      <Filter>SourceFiles</Filter>
    </ClInclude>
    <ClInclude Include="SourceFiles\intro\introstart.h">
      <Filter>SourceFiles\intro</Filter>
    </ClInclude>
    <ClInclude Include="SourceFiles\mtproto\auth_key.h">
      <Filter>SourceFiles\mtproto</Filter>
    </ClInclude>
    <ClInclude Include="SourceFiles\mtproto\core_types.h">
      <Filter>SourceFiles\mtproto</Filter>
    </ClInclude>
    <ClInclude Include="SourceFiles\mtproto\rpc_sender.h">
      <Filter>SourceFiles\mtproto</Filter>
    </ClInclude>
    <ClInclude Include="SourceFiles\mtproto\rsa_public_key.h">
      <Filter>SourceFiles\mtproto</Filter>
    </ClInclude>
    <ClInclude Include="SourceFiles\mtproto\scheme_auto.h">
      <Filter>SourceFiles\mtproto</Filter>
    </ClInclude>
    <ClInclude Include="SourceFiles\inline_bots\inline_bot_layout_item.h">
      <Filter>SourceFiles\inline_bots</Filter>
    </ClInclude>
    <ClInclude Include="SourceFiles\inline_bots\inline_bot_result.h">
      <Filter>SourceFiles\inline_bots</Filter>
    </ClInclude>
    <ClInclude Include="SourceFiles\inline_bots\inline_bot_send_data.h">
      <Filter>SourceFiles\inline_bots</Filter>
    </ClInclude>
    <ClInclude Include="SourceFiles\inline_bots\inline_bot_layout_internal.h">
      <Filter>SourceFiles\inline_bots</Filter>
    </ClInclude>
    <ClInclude Include="SourceFiles\ui\boxshadow.h">
      <Filter>SourceFiles\ui</Filter>
    </ClInclude>
    <ClInclude Include="SourceFiles\ui\emoji_config.h">
      <Filter>SourceFiles\ui</Filter>
    </ClInclude>
    <ClInclude Include="SourceFiles\ui\filedialog.h">
      <Filter>SourceFiles\ui</Filter>
    </ClInclude>
    <ClInclude Include="SourceFiles\ui\images.h">
      <Filter>SourceFiles\ui</Filter>
    </ClInclude>
    <ClInclude Include="SourceFiles\ui\toast\toast.h">
      <Filter>SourceFiles\ui\toast</Filter>
    </ClInclude>
    <ClInclude Include="SourceFiles\ui\toast\toast_widget.h">
      <Filter>SourceFiles\ui\toast</Filter>
    </ClInclude>
    <ClInclude Include="SourceFiles\serialize\serialize_document.h">
      <Filter>SourceFiles\serialize</Filter>
    </ClInclude>
    <ClInclude Include="SourceFiles\serialize\serialize_common.h">
      <Filter>SourceFiles\serialize</Filter>
    </ClInclude>
    <ClInclude Include="SourceFiles\dialogs\dialogs_layout.h">
      <Filter>SourceFiles\dialogs</Filter>
    </ClInclude>
    <ClInclude Include="SourceFiles\dialogs\dialogs_list.h">
      <Filter>SourceFiles\dialogs</Filter>
    </ClInclude>
    <ClInclude Include="SourceFiles\dialogs\dialogs_indexed_list.h">
      <Filter>SourceFiles\dialogs</Filter>
    </ClInclude>
    <ClInclude Include="SourceFiles\dialogs\dialogs_common.h">
      <Filter>SourceFiles\dialogs</Filter>
    </ClInclude>
    <ClInclude Include="SourceFiles\dialogs\dialogs_row.h">
      <Filter>SourceFiles\dialogs</Filter>
    </ClInclude>
    <ClInclude Include="SourceFiles\ui\buttons\peer_avatar_button.h">
      <Filter>SourceFiles\ui\buttons</Filter>
    </ClInclude>
    <ClInclude Include="SourceFiles\history\history_common.h">
      <Filter>SourceFiles\history</Filter>
    </ClInclude>
    <ClInclude Include="SourceFiles\core\click_handler.h">
      <Filter>SourceFiles\core</Filter>
    </ClInclude>
    <ClInclude Include="SourceFiles\core\click_handler_types.h">
      <Filter>SourceFiles\core</Filter>
    </ClInclude>
    <ClInclude Include="SourceFiles\overview\overview_layout.h">
      <Filter>SourceFiles\overview</Filter>
    </ClInclude>
    <ClInclude Include="SourceFiles\ui\text\text.h">
      <Filter>SourceFiles\ui\text</Filter>
    </ClInclude>
    <ClInclude Include="SourceFiles\ui\text\text_entity.h">
      <Filter>SourceFiles\ui\text</Filter>
    </ClInclude>
    <ClInclude Include="SourceFiles\ui\text\text_block.h">
      <Filter>SourceFiles\ui\text</Filter>
    </ClInclude>
    <ClInclude Include="GeneratedFiles\styles\style_basic.h">
      <Filter>GeneratedFiles\styles</Filter>
    </ClInclude>
    <ClInclude Include="GeneratedFiles\styles\style_basic_types.h">
      <Filter>GeneratedFiles\styles</Filter>
    </ClInclude>
    <ClInclude Include="GeneratedFiles\numbers.h">
      <Filter>GeneratedFiles</Filter>
    </ClInclude>
    <ClInclude Include="GeneratedFiles\styles\style_overview.h">
      <Filter>GeneratedFiles\styles</Filter>
    </ClInclude>
    <ClInclude Include="SourceFiles\ui\style\style_core.h">
      <Filter>SourceFiles\ui\style</Filter>
    </ClInclude>
    <ClInclude Include="SourceFiles\ui\style\style_core_types.h">
      <Filter>SourceFiles\ui\style</Filter>
    </ClInclude>
    <ClInclude Include="SourceFiles\ui\style\style_core_font.h">
      <Filter>SourceFiles\ui\style</Filter>
    </ClInclude>
    <ClInclude Include="SourceFiles\ui\style\style_core_color.h">
      <Filter>SourceFiles\ui\style</Filter>
    </ClInclude>
    <ClInclude Include="SourceFiles\ui\style\style_core_icon.h">
      <Filter>SourceFiles\ui\style</Filter>
    </ClInclude>
    <ClInclude Include="SourceFiles\core\version.h">
      <Filter>SourceFiles\core</Filter>
    </ClInclude>
    <ClInclude Include="SourceFiles\config.h">
      <Filter>SourceFiles</Filter>
    </ClInclude>
    <ClInclude Include="Resources\winrc\resource.h">
      <Filter>Resources\winrc</Filter>
    </ClInclude>
    <ClInclude Include="GeneratedFiles\styles\style_history.h">
      <Filter>GeneratedFiles\styles</Filter>
    </ClInclude>
    <ClInclude Include="GeneratedFiles\styles\style_dialogs.h">
      <Filter>GeneratedFiles\styles</Filter>
    </ClInclude>
    <ClInclude Include="GeneratedFiles\styles\style_profile.h">
      <Filter>GeneratedFiles\styles</Filter>
    </ClInclude>
    <ClInclude Include="SourceFiles\window\slide_animation.h">
      <Filter>SourceFiles\window</Filter>
    </ClInclude>
    <ClInclude Include="SourceFiles\window\section_memento.h">
      <Filter>SourceFiles\window</Filter>
    </ClInclude>
    <ClInclude Include="SourceFiles\profile\profile_section_memento.h">
      <Filter>SourceFiles\profile</Filter>
    </ClInclude>
    <ClInclude Include="SourceFiles\ui\buttons\round_button.h">
      <Filter>SourceFiles\ui\buttons</Filter>
    </ClInclude>
    <ClInclude Include="SourceFiles\core\vector_of_moveable.h">
      <Filter>SourceFiles\core</Filter>
    </ClInclude>
    <ClInclude Include="SourceFiles\core\observer.h">
      <Filter>SourceFiles\core</Filter>
    </ClInclude>
    <ClInclude Include="SourceFiles\observer_peer.h">
      <Filter>SourceFiles</Filter>
    </ClInclude>
    <ClInclude Include="SourceFiles\profile\profile_cover_drop_area.h">
      <Filter>SourceFiles\profile</Filter>
    </ClInclude>
    <ClInclude Include="SourceFiles\profile\profile_userpic_button.h">
      <Filter>SourceFiles\profile</Filter>
    </ClInclude>
    <ClInclude Include="SourceFiles\profile\profile_info_widget.h">
      <Filter>SourceFiles\profile</Filter>
    </ClInclude>
    <ClInclude Include="SourceFiles\profile\profile_invite_link_widget.h">
      <Filter>SourceFiles\profile</Filter>
    </ClInclude>
    <ClInclude Include="SourceFiles\ui\buttons\left_outline_button.h">
      <Filter>SourceFiles\ui\buttons</Filter>
    </ClInclude>
    <ClInclude Include="SourceFiles\ui\buttons\history_down_button.h">
      <Filter>SourceFiles\ui\buttons</Filter>
    </ClInclude>
    <ClInclude Include="SourceFiles\history\history_service_layout.h">
      <Filter>SourceFiles\history</Filter>
    </ClInclude>
    <ClInclude Include="SourceFiles\data\data_abstract_structure.h">
      <Filter>SourceFiles\data</Filter>
    </ClInclude>
    <ClInclude Include="SourceFiles\data\data_drafts.h">
      <Filter>SourceFiles\data</Filter>
    </ClInclude>
    <ClInclude Include="SourceFiles\platform\platform_main_window.h">
      <Filter>SourceFiles\platform</Filter>
    </ClInclude>
    <ClInclude Include="SourceFiles\platform\win\windows_toasts.h">
      <Filter>SourceFiles\platform\win</Filter>
    </ClInclude>
    <ClInclude Include="SourceFiles\platform\win\windows_app_user_model_id.h">
      <Filter>SourceFiles\platform\win</Filter>
    </ClInclude>
    <ClInclude Include="SourceFiles\platform\win\windows_dlls.h">
      <Filter>SourceFiles\platform\win</Filter>
    </ClInclude>
    <ClInclude Include="SourceFiles\platform\win\windows_event_filter.h">
      <Filter>SourceFiles\platform\win</Filter>
    </ClInclude>
    <ClInclude Include="SourceFiles\platform\winrt\main_window_winrt.h">
      <Filter>SourceFiles\platform\winrt</Filter>
    </ClInclude>
    <ClInclude Include="SourceFiles\platform\linux\linux_libs.h">
      <Filter>SourceFiles\platform\linux</Filter>
    </ClInclude>
  </ItemGroup>
  <ItemGroup>
    <CustomBuild Include="SourceFiles\application.h">
      <Filter>SourceFiles</Filter>
    </CustomBuild>
    <CustomBuild Include="SourceFiles\mainwidget.h">
      <Filter>SourceFiles</Filter>
    </CustomBuild>
    <CustomBuild Include="SourceFiles\dialogswidget.h">
      <Filter>SourceFiles</Filter>
    </CustomBuild>
    <CustomBuild Include="SourceFiles\historywidget.h">
      <Filter>SourceFiles</Filter>
    </CustomBuild>
    <CustomBuild Include="SourceFiles\layerwidget.h">
      <Filter>SourceFiles</Filter>
    </CustomBuild>
    <CustomBuild Include="SourceFiles\localimageloader.h">
      <Filter>SourceFiles</Filter>
    </CustomBuild>
    <CustomBuild Include="SourceFiles\fileuploader.h">
      <Filter>SourceFiles</Filter>
    </CustomBuild>
    <CustomBuild Include="SourceFiles\sysbuttons.h">
      <Filter>SourceFiles</Filter>
    </CustomBuild>
    <CustomBuild Include="SourceFiles\title.h">
      <Filter>SourceFiles</Filter>
    </CustomBuild>
    <CustomBuild Include="SourceFiles\boxes\aboutbox.h">
      <Filter>SourceFiles\boxes</Filter>
    </CustomBuild>
    <CustomBuild Include="SourceFiles\boxes\addcontactbox.h">
      <Filter>SourceFiles\boxes</Filter>
    </CustomBuild>
    <CustomBuild Include="SourceFiles\boxes\confirmbox.h">
      <Filter>SourceFiles\boxes</Filter>
    </CustomBuild>
    <CustomBuild Include="SourceFiles\boxes\connectionbox.h">
      <Filter>SourceFiles\boxes</Filter>
    </CustomBuild>
    <CustomBuild Include="SourceFiles\boxes\contactsbox.h">
      <Filter>SourceFiles\boxes</Filter>
    </CustomBuild>
    <CustomBuild Include="SourceFiles\boxes\photocropbox.h">
      <Filter>SourceFiles\boxes</Filter>
    </CustomBuild>
    <CustomBuild Include="SourceFiles\boxes\photosendbox.h">
      <Filter>SourceFiles\boxes</Filter>
    </CustomBuild>
    <CustomBuild Include="SourceFiles\boxes\emojibox.h">
      <Filter>SourceFiles\boxes</Filter>
    </CustomBuild>
    <CustomBuild Include="SourceFiles\intro\introcode.h">
      <Filter>SourceFiles\intro</Filter>
    </CustomBuild>
    <CustomBuild Include="SourceFiles\intro\introphone.h">
      <Filter>SourceFiles\intro</Filter>
    </CustomBuild>
    <CustomBuild Include="SourceFiles\intro\introsignup.h">
      <Filter>SourceFiles\intro</Filter>
    </CustomBuild>
    <CustomBuild Include="SourceFiles\dropdown.h">
      <Filter>SourceFiles</Filter>
    </CustomBuild>
    <CustomBuild Include="SourceFiles\settingswidget.h">
      <Filter>SourceFiles</Filter>
    </CustomBuild>
    <CustomBuild Include="SourceFiles\boxes\downloadpathbox.h">
      <Filter>SourceFiles\boxes</Filter>
    </CustomBuild>
    <CustomBuild Include="SourceFiles\mediaview.h">
      <Filter>SourceFiles</Filter>
    </CustomBuild>
    <CustomBuild Include="SourceFiles\overviewwidget.h">
      <Filter>SourceFiles</Filter>
    </CustomBuild>
    <CustomBuild Include="SourceFiles\audio.h">
      <Filter>SourceFiles</Filter>
    </CustomBuild>
    <CustomBuild Include="SourceFiles\boxes\usernamebox.h">
      <Filter>SourceFiles\boxes</Filter>
    </CustomBuild>
    <CustomBuild Include="SourceFiles\history.h">
      <Filter>SourceFiles</Filter>
    </CustomBuild>
    <CustomBuild Include="SourceFiles\localstorage.h">
      <Filter>SourceFiles</Filter>
    </CustomBuild>
    <CustomBuild Include="SourceFiles\boxes\languagebox.h">
      <Filter>SourceFiles\boxes</Filter>
    </CustomBuild>
    <CustomBuild Include="SourceFiles\boxes\backgroundbox.h">
      <Filter>SourceFiles\boxes</Filter>
    </CustomBuild>
    <CustomBuild Include="SourceFiles\pspecific_linux.h">
      <Filter>SourceFiles</Filter>
    </CustomBuild>
    <CustomBuild Include="SourceFiles\pspecific_mac.h">
      <Filter>SourceFiles</Filter>
    </CustomBuild>
    <CustomBuild Include="SourceFiles\passcodewidget.h">
      <Filter>SourceFiles</Filter>
    </CustomBuild>
    <CustomBuild Include="SourceFiles\boxes\autolockbox.h">
      <Filter>SourceFiles\boxes</Filter>
    </CustomBuild>
    <CustomBuild Include="SourceFiles\boxes\passcodebox.h">
      <Filter>SourceFiles\boxes</Filter>
    </CustomBuild>
    <CustomBuild Include="SourceFiles\apiwrap.h">
      <Filter>SourceFiles</Filter>
    </CustomBuild>
    <CustomBuild Include="SourceFiles\boxes\sessionsbox.h">
      <Filter>SourceFiles\boxes</Filter>
    </CustomBuild>
    <CustomBuild Include="SourceFiles\boxes\abstractbox.h">
      <Filter>SourceFiles\boxes</Filter>
    </CustomBuild>
    <CustomBuild Include="SourceFiles\intro\intropwdcheck.h">
      <Filter>SourceFiles\intro</Filter>
    </CustomBuild>
    <CustomBuild Include="SourceFiles\boxes\stickersetbox.h">
      <Filter>SourceFiles\boxes</Filter>
    </CustomBuild>
    <CustomBuild Include="SourceFiles\autoupdater.h">
      <Filter>SourceFiles</Filter>
    </CustomBuild>
    <CustomBuild Include="SourceFiles\playerwidget.h">
      <Filter>SourceFiles</Filter>
    </CustomBuild>
    <CustomBuild Include="Resources\numbers.txt">
      <Filter>Resources</Filter>
    </CustomBuild>
    <CustomBuild Include="Resources\telegram.qrc">
      <Filter>Resources</Filter>
    </CustomBuild>
    <CustomBuild Include="Resources\telegram_emojis.qrc">
      <Filter>Resources</Filter>
    </CustomBuild>
    <CustomBuild Include="Resources\telegram_wnd.qrc">
      <Filter>Resources</Filter>
    </CustomBuild>
    <CustomBuild Include="SourceFiles\layout.h">
      <Filter>SourceFiles</Filter>
    </CustomBuild>
    <CustomBuild Include="SourceFiles\structs.h">
      <Filter>SourceFiles</Filter>
    </CustomBuild>
    <CustomBuild Include="SourceFiles\intro\introwidget.h">
      <Filter>SourceFiles\intro</Filter>
    </CustomBuild>
    <CustomBuild Include="SourceFiles\pspecific_win.h">
      <Filter>SourceFiles</Filter>
    </CustomBuild>
    <CustomBuild Include="SourceFiles\pspecific_winrt.h">
      <Filter>SourceFiles</Filter>
    </CustomBuild>
    <CustomBuild Include="SourceFiles\mtproto\connection_tcp.h">
      <Filter>SourceFiles\mtproto</Filter>
    </CustomBuild>
    <CustomBuild Include="SourceFiles\mtproto\connection_http.h">
      <Filter>SourceFiles\mtproto</Filter>
    </CustomBuild>
    <CustomBuild Include="SourceFiles\mtproto\connection.h">
      <Filter>SourceFiles\mtproto</Filter>
    </CustomBuild>
    <CustomBuild Include="SourceFiles\mtproto\dcenter.h">
      <Filter>SourceFiles\mtproto</Filter>
    </CustomBuild>
    <CustomBuild Include="SourceFiles\mtproto\facade.h">
      <Filter>SourceFiles\mtproto</Filter>
    </CustomBuild>
    <CustomBuild Include="SourceFiles\mtproto\file_download.h">
      <Filter>SourceFiles\mtproto</Filter>
    </CustomBuild>
    <CustomBuild Include="SourceFiles\mtproto\session.h">
      <Filter>SourceFiles\mtproto</Filter>
    </CustomBuild>
    <CustomBuild Include="SourceFiles\mtproto\connection_abstract.h">
      <Filter>SourceFiles\mtproto</Filter>
    </CustomBuild>
    <CustomBuild Include="SourceFiles\mtproto\connection_auto.h">
      <Filter>SourceFiles\mtproto</Filter>
    </CustomBuild>
    <CustomBuild Include="SourceFiles\facades.h">
      <Filter>SourceFiles</Filter>
    </CustomBuild>
    <CustomBuild Include="SourceFiles\ui\animation.h">
      <Filter>SourceFiles\ui</Filter>
    </CustomBuild>
    <CustomBuild Include="SourceFiles\ui\button.h">
      <Filter>SourceFiles\ui</Filter>
    </CustomBuild>
    <CustomBuild Include="SourceFiles\ui\countryinput.h">
      <Filter>SourceFiles\ui</Filter>
    </CustomBuild>
    <CustomBuild Include="SourceFiles\ui\flatbutton.h">
      <Filter>SourceFiles\ui</Filter>
    </CustomBuild>
    <CustomBuild Include="SourceFiles\ui\flatcheckbox.h">
      <Filter>SourceFiles\ui</Filter>
    </CustomBuild>
    <CustomBuild Include="SourceFiles\ui\flatinput.h">
      <Filter>SourceFiles\ui</Filter>
    </CustomBuild>
    <CustomBuild Include="SourceFiles\ui\flatlabel.h">
      <Filter>SourceFiles\ui</Filter>
    </CustomBuild>
    <CustomBuild Include="SourceFiles\ui\flattextarea.h">
      <Filter>SourceFiles\ui</Filter>
    </CustomBuild>
    <CustomBuild Include="SourceFiles\ui\popupmenu.h">
      <Filter>SourceFiles\ui</Filter>
    </CustomBuild>
    <CustomBuild Include="SourceFiles\ui\scrollarea.h">
      <Filter>SourceFiles\ui</Filter>
    </CustomBuild>
    <CustomBuild Include="SourceFiles\ui\twidget.h">
      <Filter>SourceFiles\ui</Filter>
    </CustomBuild>
    <CustomBuild Include="SourceFiles\ui\toast\toast_manager.h">
      <Filter>SourceFiles\ui\toast</Filter>
    </CustomBuild>
    <CustomBuild Include="SourceFiles\window\top_bar_widget.h">
      <Filter>SourceFiles\window</Filter>
    </CustomBuild>
    <CustomBuild Include="SourceFiles\mainwindow.h">
      <Filter>SourceFiles</Filter>
    </CustomBuild>
    <CustomBuild Include="SourceFiles\core\basic_types.h">
      <Filter>SourceFiles\core</Filter>
    </CustomBuild>
    <CustomBuild Include="SourceFiles\history\field_autocomplete.h">
      <Filter>SourceFiles\history</Filter>
    </CustomBuild>
    <CustomBuild Include="Resources\langs\lang.strings">
      <Filter>Resources\langs</Filter>
    </CustomBuild>
    <CustomBuild Include="SourceFiles\profile\profile_widget.h">
      <Filter>SourceFiles\profile</Filter>
    </CustomBuild>
    <CustomBuild Include="SourceFiles\profile\profile_inner_widget.h">
      <Filter>SourceFiles\profile</Filter>
    </CustomBuild>
    <CustomBuild Include="SourceFiles\profile\profile_cover.h">
      <Filter>SourceFiles\profile</Filter>
    </CustomBuild>
    <CustomBuild Include="SourceFiles\profile\profile_fixed_bar.h">
      <Filter>SourceFiles\profile</Filter>
    </CustomBuild>
    <CustomBuild Include="Resources\basic.style">
      <Filter>Resources</Filter>
    </CustomBuild>
    <CustomBuild Include="SourceFiles\window\section_widget.h">
      <Filter>SourceFiles\window</Filter>
    </CustomBuild>
    <CustomBuild Include="SourceFiles\profile\profile_block_widget.h">
      <Filter>SourceFiles\profile</Filter>
    </CustomBuild>
    <CustomBuild Include="SourceFiles\profile\profile_settings_widget.h">
      <Filter>SourceFiles\profile</Filter>
    </CustomBuild>
    <CustomBuild Include="SourceFiles\profile\profile_actions_widget.h">
      <Filter>SourceFiles\profile</Filter>
    </CustomBuild>
    <CustomBuild Include="SourceFiles\profile\profile_members_widget.h">
      <Filter>SourceFiles\profile</Filter>
    </CustomBuild>
    <CustomBuild Include="SourceFiles\profile\profile_shared_media_widget.h">
      <Filter>SourceFiles\profile</Filter>
    </CustomBuild>
    <CustomBuild Include="SourceFiles\boxes\report_box.h">
      <Filter>SourceFiles\boxes</Filter>
    </CustomBuild>
    <CustomBuild Include="SourceFiles\platform\win\main_window_win.h">
      <Filter>SourceFiles\platform\win</Filter>
    </CustomBuild>
    <CustomBuild Include="SourceFiles\window\main_window.h">
      <Filter>SourceFiles\window</Filter>
    </CustomBuild>
    <CustomBuild Include="SourceFiles\platform\mac\main_window_mac.h">
      <Filter>SourceFiles\platform\mac</Filter>
    </CustomBuild>
    <CustomBuild Include="SourceFiles\platform\linux\main_window_linux.h">
      <Filter>SourceFiles\platform\linux</Filter>
    </CustomBuild>
    <CustomBuild Include="SourceFiles\ui\inner_dropdown.h">
      <Filter>SourceFiles\ui</Filter>
    </CustomBuild>
  </ItemGroup>
  <ItemGroup>
    <None Include="Resources\langs\lang_it.strings">
      <Filter>Resources\langs</Filter>
    </None>
    <None Include="Resources\langs\lang_es.strings">
      <Filter>Resources\langs</Filter>
    </None>
    <None Include="Resources\langs\lang_de.strings">
      <Filter>Resources\langs</Filter>
    </None>
    <None Include="Resources\langs\lang_nl.strings">
      <Filter>Resources\langs</Filter>
    </None>
    <None Include="Resources\langs\lang_pt_BR.strings">
      <Filter>Resources\langs</Filter>
    </None>
    <None Include="Resources\langs\lang_ko.strings">
      <Filter>Resources\langs</Filter>
    </None>
    <None Include="Telegram.xcodeproj\project.pbxproj">
      <Filter>OtherPlatforms</Filter>
    </None>
    <None Include="Telegram.plist">
      <Filter>OtherPlatforms</Filter>
    </None>
    <None Include="Telegram.xcodeproj\qt_preprocess.mak">
      <Filter>OtherPlatforms</Filter>
    </None>
    <None Include="Telegram.pro">
      <Filter>OtherPlatforms</Filter>
    </None>
    <None Include="SourceFiles\mtproto\generate.py">
      <Filter>SourceFiles\mtproto</Filter>
    </None>
    <None Include="SourceFiles\mtproto\scheme.tl">
      <Filter>SourceFiles\mtproto</Filter>
    </None>
    <None Include="SourceFiles\pspecific_mac_p.mm">
      <Filter>SourceFiles</Filter>
    </None>
    <None Include="Resources\langs\download.sh">
      <Filter>Resources\langs</Filter>
    </None>
    <None Include="Resources\langs\list">
      <Filter>Resources\langs</Filter>
    </None>
    <None Include="Resources\langs\upload.sh">
      <Filter>Resources\langs</Filter>
    </None>
    <None Include="SourceFiles\platform\mac\main_window_mac.mm">
      <Filter>SourceFiles\platform\mac</Filter>
    </None>
  </ItemGroup>
  <ItemGroup>
    <Image Include="Resources\art\icon256.ico">
      <Filter>Resources</Filter>
    </Image>
  </ItemGroup>
  <ItemGroup>
    <CodegenStyleItem Include="Resources\all_files.style">
      <Filter>Resources</Filter>
    </CodegenStyleItem>
    <CustomBuild Include="Resources\basic.style">
      <Filter>Resources</Filter>
    </CustomBuild>
    <CodegenStyleItem Include="Resources\basic_types.style">
      <Filter>Resources</Filter>
    </CodegenStyleItem>
    <CodegenStyleItem Include="SourceFiles\overview\overview.style">
      <Filter>SourceFiles\overview</Filter>
    </CodegenStyleItem>
    <CodegenStyleItem Include="SourceFiles\history\history.style">
      <Filter>SourceFiles\history</Filter>
    </CodegenStyleItem>
    <CodegenStyleItem Include="SourceFiles\dialogs\dialogs.style">
      <Filter>SourceFiles\dialogs</Filter>
    </CodegenStyleItem>
    <CodegenStyleItem Include="SourceFiles\profile\profile.style">
      <Filter>SourceFiles\profile</Filter>
    </CodegenStyleItem>
  </ItemGroup>
  <ItemGroup>
    <ResourceCompile Include="Resources\winrc\Telegram.rc">
      <Filter>Resources\winrc</Filter>
    </ResourceCompile>
  </ItemGroup>
</Project>