<?xml version="1.0" encoding="utf-8"?>
<Project ToolsVersion="4.0" xmlns="http://schemas.microsoft.com/developer/msbuild/2003">
  <ItemGroup>
    <Filter Include="Resources">
      <UniqueIdentifier>{67DA6AB6-F800-4c08-8B7A-83BB121AAD01}</UniqueIdentifier>
      <Extensions>rc;ico;cur;bmp;dlg;rc2;rct;bin;rgs;gif;jpg;jpeg;jpe;resx;tiff;tif;png;wav;mfcribbon-ms</Extensions>
    </Filter>
    <Filter Include="SourceFiles">
      <UniqueIdentifier>{66369fb7-5116-4c56-b656-d1c8132021e3}</UniqueIdentifier>
    </Filter>
    <Filter Include="Resources\winrc">
      <UniqueIdentifier>{617a8112-8c4e-4729-8bbd-a32b0f6d3caa}</UniqueIdentifier>
    </Filter>
  </ItemGroup>
  <ItemGroup>
    <ClCompile Include="SourceFiles\_other\updater.cpp">
      <Filter>SourceFiles</Filter>
    </ClCompile>
    <ClCompile Include="SourceFiles\_other\updater_linux.cpp">
      <Filter>SourceFiles</Filter>
    </ClCompile>
  </ItemGroup>
  <ItemGroup>
    <ClInclude Include="SourceFiles\_other\updater.h">
      <Filter>SourceFiles</Filter>
    </ClInclude>
    <ClInclude Include="Resources\winrc\resource1.h">
      <Filter>Resources\winrc</Filter>
    </ClInclude>
  </ItemGroup>
  <ItemGroup>
    <None Include="SourceFiles\_other\updater_osx.m">
      <Filter>SourceFiles</Filter>
    </None>
  </ItemGroup>
  <ItemGroup>
    <ResourceCompile Include="Resources\winrc\Updater.rc">
      <Filter>Resources\winrc</Filter>
    </ResourceCompile>
  </ItemGroup>
</Project>